// !$*UTF8*$!
{
	archiveVersion = 1;
	classes = {
	};
	objectVersion = 46;
	objects = {

/* Begin PBXBuildFile section */
		4142E2E417425BC40091C7DF /* Cocoa.framework in Frameworks */ = {isa = PBXBuildFile; fileRef = 4142E2E317425BC40091C7DF /* Cocoa.framework */; };
		4142E2EE17425BC40091C7DF /* InfoPlist.strings in Resources */ = {isa = PBXBuildFile; fileRef = 4142E2EC17425BC40091C7DF /* InfoPlist.strings */; };
		4142E2F017425BC40091C7DF /* main.m in Sources */ = {isa = PBXBuildFile; fileRef = 4142E2EF17425BC40091C7DF /* main.m */; };
		4142E2F417425BC40091C7DF /* Credits.rtf in Resources */ = {isa = PBXBuildFile; fileRef = 4142E2F217425BC40091C7DF /* Credits.rtf */; };
		4142E2F717425BC40091C7DF /* TSAppDelegate.m in Sources */ = {isa = PBXBuildFile; fileRef = 4142E2F617425BC40091C7DF /* TSAppDelegate.m */; };
		4142E2FA17425BC50091C7DF /* MainMenu.xib in Resources */ = {isa = PBXBuildFile; fileRef = 4142E2F817425BC50091C7DF /* MainMenu.xib */; };
		4142E30217425BC50091C7DF /* SenTestingKit.framework in Frameworks */ = {isa = PBXBuildFile; fileRef = 4142E30117425BC50091C7DF /* SenTestingKit.framework */; };
		4142E30317425BC50091C7DF /* Cocoa.framework in Frameworks */ = {isa = PBXBuildFile; fileRef = 4142E2E317425BC40091C7DF /* Cocoa.framework */; };
		4142E30B17425BC50091C7DF /* InfoPlist.strings in Resources */ = {isa = PBXBuildFile; fileRef = 4142E30917425BC50091C7DF /* InfoPlist.strings */; };
		4142E30E17425BC50091C7DF /* PlasterTests.m in Sources */ = {isa = PBXBuildFile; fileRef = 4142E30D17425BC50091C7DF /* PlasterTests.m */; };
		4142E31B174262B20091C7DF /* TSPasteboardPacket.m in Sources */ = {isa = PBXBuildFile; fileRef = 4142E31A174262B20091C7DF /* TSPasteboardPacket.m */; };
		4142E31E174280740091C7DF /* TSStack.m in Sources */ = {isa = PBXBuildFile; fileRef = 4142E31D174280740091C7DF /* TSStack.m */; };
		4142E3571743C1630091C7DF /* TSRedisController.m in Sources */ = {isa = PBXBuildFile; fileRef = 4142E3561743C1630091C7DF /* TSRedisController.m */; };
		4142E4941743F9860091C7DF /* libhiredis.a in Frameworks */ = {isa = PBXBuildFile; fileRef = 4142E4931743F9860091C7DF /* libhiredis.a */; };
		4142E4991743FED30091C7DF /* libevent_core.a in Frameworks */ = {isa = PBXBuildFile; fileRef = 4142E4951743FED30091C7DF /* libevent_core.a */; };
		4142E49A1743FED30091C7DF /* libevent_openssl.a in Frameworks */ = {isa = PBXBuildFile; fileRef = 4142E4961743FED30091C7DF /* libevent_openssl.a */; };
		4142E49B1743FED30091C7DF /* libevent_pthreads.a in Frameworks */ = {isa = PBXBuildFile; fileRef = 4142E4971743FED30091C7DF /* libevent_pthreads.a */; };
		4142E49C1743FED30091C7DF /* libevent.a in Frameworks */ = {isa = PBXBuildFile; fileRef = 4142E4981743FED30091C7DF /* libevent.a */; };
		4142E4A417460E140091C7DF /* TSEventDispatcher.m in Sources */ = {isa = PBXBuildFile; fileRef = 4142E4A317460E140091C7DF /* TSEventDispatcher.m */; settings = {COMPILER_FLAGS = "-fno-objc-arc"; }; };
/* End PBXBuildFile section */

/* Begin PBXContainerItemProxy section */
		4142E30417425BC50091C7DF /* PBXContainerItemProxy */ = {
			isa = PBXContainerItemProxy;
			containerPortal = 4142E2D817425BC40091C7DF /* Project object */;
			proxyType = 1;
			remoteGlobalIDString = 4142E2DF17425BC40091C7DF;
			remoteInfo = Plaster;
		};
/* End PBXContainerItemProxy section */

/* Begin PBXFileReference section */
		4142E2E017425BC40091C7DF /* Plaster.app */ = {isa = PBXFileReference; explicitFileType = wrapper.application; includeInIndex = 0; path = Plaster.app; sourceTree = BUILT_PRODUCTS_DIR; };
		4142E2E317425BC40091C7DF /* Cocoa.framework */ = {isa = PBXFileReference; lastKnownFileType = wrapper.framework; name = Cocoa.framework; path = System/Library/Frameworks/Cocoa.framework; sourceTree = SDKROOT; };
		4142E2E617425BC40091C7DF /* AppKit.framework */ = {isa = PBXFileReference; lastKnownFileType = wrapper.framework; name = AppKit.framework; path = System/Library/Frameworks/AppKit.framework; sourceTree = SDKROOT; };
		4142E2E717425BC40091C7DF /* CoreData.framework */ = {isa = PBXFileReference; lastKnownFileType = wrapper.framework; name = CoreData.framework; path = System/Library/Frameworks/CoreData.framework; sourceTree = SDKROOT; };
		4142E2E817425BC40091C7DF /* Foundation.framework */ = {isa = PBXFileReference; lastKnownFileType = wrapper.framework; name = Foundation.framework; path = System/Library/Frameworks/Foundation.framework; sourceTree = SDKROOT; };
		4142E2EB17425BC40091C7DF /* Plaster-Info.plist */ = {isa = PBXFileReference; lastKnownFileType = text.plist.xml; path = "Plaster-Info.plist"; sourceTree = "<group>"; };
		4142E2ED17425BC40091C7DF /* en */ = {isa = PBXFileReference; lastKnownFileType = text.plist.strings; name = en; path = en.lproj/InfoPlist.strings; sourceTree = "<group>"; };
		4142E2EF17425BC40091C7DF /* main.m */ = {isa = PBXFileReference; lastKnownFileType = sourcecode.c.objc; path = main.m; sourceTree = "<group>"; };
		4142E2F117425BC40091C7DF /* Plaster-Prefix.pch */ = {isa = PBXFileReference; lastKnownFileType = sourcecode.c.h; path = "Plaster-Prefix.pch"; sourceTree = "<group>"; };
		4142E2F317425BC40091C7DF /* en */ = {isa = PBXFileReference; lastKnownFileType = text.rtf; name = en; path = en.lproj/Credits.rtf; sourceTree = "<group>"; };
		4142E2F517425BC40091C7DF /* TSAppDelegate.h */ = {isa = PBXFileReference; lastKnownFileType = sourcecode.c.h; path = TSAppDelegate.h; sourceTree = "<group>"; };
		4142E2F617425BC40091C7DF /* TSAppDelegate.m */ = {isa = PBXFileReference; lastKnownFileType = sourcecode.c.objc; path = TSAppDelegate.m; sourceTree = "<group>"; };
		4142E2F917425BC50091C7DF /* en */ = {isa = PBXFileReference; lastKnownFileType = file.xib; name = en; path = en.lproj/MainMenu.xib; sourceTree = "<group>"; };
		4142E30017425BC50091C7DF /* PlasterTests.octest */ = {isa = PBXFileReference; explicitFileType = wrapper.cfbundle; includeInIndex = 0; path = PlasterTests.octest; sourceTree = BUILT_PRODUCTS_DIR; };
		4142E30117425BC50091C7DF /* SenTestingKit.framework */ = {isa = PBXFileReference; lastKnownFileType = wrapper.framework; name = SenTestingKit.framework; path = Library/Frameworks/SenTestingKit.framework; sourceTree = DEVELOPER_DIR; };
		4142E30817425BC50091C7DF /* PlasterTests-Info.plist */ = {isa = PBXFileReference; lastKnownFileType = text.plist.xml; path = "PlasterTests-Info.plist"; sourceTree = "<group>"; };
		4142E30A17425BC50091C7DF /* en */ = {isa = PBXFileReference; lastKnownFileType = text.plist.strings; name = en; path = en.lproj/InfoPlist.strings; sourceTree = "<group>"; };
		4142E30C17425BC50091C7DF /* PlasterTests.h */ = {isa = PBXFileReference; lastKnownFileType = sourcecode.c.h; path = PlasterTests.h; sourceTree = "<group>"; };
		4142E30D17425BC50091C7DF /* PlasterTests.m */ = {isa = PBXFileReference; lastKnownFileType = sourcecode.c.objc; path = PlasterTests.m; sourceTree = "<group>"; };
		4142E319174262B20091C7DF /* TSPasteboardPacket.h */ = {isa = PBXFileReference; fileEncoding = 4; lastKnownFileType = sourcecode.c.h; path = TSPasteboardPacket.h; sourceTree = "<group>"; };
		4142E31A174262B20091C7DF /* TSPasteboardPacket.m */ = {isa = PBXFileReference; fileEncoding = 4; lastKnownFileType = sourcecode.c.objc; path = TSPasteboardPacket.m; sourceTree = "<group>"; };
		4142E31C174280740091C7DF /* TSStack.h */ = {isa = PBXFileReference; fileEncoding = 4; lastKnownFileType = sourcecode.c.h; path = TSStack.h; sourceTree = "<group>"; };
		4142E31D174280740091C7DF /* TSStack.m */ = {isa = PBXFileReference; fileEncoding = 4; lastKnownFileType = sourcecode.c.objc; path = TSStack.m; sourceTree = "<group>"; };
		4142E3551743C1630091C7DF /* TSRedisController.h */ = {isa = PBXFileReference; fileEncoding = 4; lastKnownFileType = sourcecode.c.h; path = TSRedisController.h; sourceTree = "<group>"; };
		4142E3561743C1630091C7DF /* TSRedisController.m */ = {isa = PBXFileReference; fileEncoding = 4; lastKnownFileType = sourcecode.c.objc; path = TSRedisController.m; sourceTree = "<group>"; };
		4142E3581743C1950091C7DF /* TSPlasterGlobals.h */ = {isa = PBXFileReference; lastKnownFileType = sourcecode.c.h; path = TSPlasterGlobals.h; sourceTree = "<group>"; };
		4142E4731743F72A0091C7DF /* libevent.h */ = {isa = PBXFileReference; fileEncoding = 4; lastKnownFileType = sourcecode.c.h; path = libevent.h; sourceTree = "<group>"; };
		4142E4741743F72A0091C7DF /* async.h */ = {isa = PBXFileReference; fileEncoding = 4; lastKnownFileType = sourcecode.c.h; path = async.h; sourceTree = "<group>"; };
		4142E4751743F72A0091C7DF /* hiredis.h */ = {isa = PBXFileReference; fileEncoding = 4; lastKnownFileType = sourcecode.c.h; path = hiredis.h; sourceTree = "<group>"; };
		4142E4771743F7CA0091C7DF /* event.h */ = {isa = PBXFileReference; fileEncoding = 4; lastKnownFileType = sourcecode.c.h; path = event.h; sourceTree = "<group>"; };
		4142E4791743F8130091C7DF /* buffer.h */ = {isa = PBXFileReference; fileEncoding = 4; lastKnownFileType = sourcecode.c.h; path = buffer.h; sourceTree = "<group>"; };
		4142E47A1743F8130091C7DF /* buffer_compat.h */ = {isa = PBXFileReference; fileEncoding = 4; lastKnownFileType = sourcecode.c.h; path = buffer_compat.h; sourceTree = "<group>"; };
		4142E47B1743F8130091C7DF /* bufferevent.h */ = {isa = PBXFileReference; fileEncoding = 4; lastKnownFileType = sourcecode.c.h; path = bufferevent.h; sourceTree = "<group>"; };
		4142E47C1743F8130091C7DF /* bufferevent_compat.h */ = {isa = PBXFileReference; fileEncoding = 4; lastKnownFileType = sourcecode.c.h; path = bufferevent_compat.h; sourceTree = "<group>"; };
		4142E47D1743F8130091C7DF /* bufferevent_ssl.h */ = {isa = PBXFileReference; fileEncoding = 4; lastKnownFileType = sourcecode.c.h; path = bufferevent_ssl.h; sourceTree = "<group>"; };
		4142E47E1743F8130091C7DF /* bufferevent_struct.h */ = {isa = PBXFileReference; fileEncoding = 4; lastKnownFileType = sourcecode.c.h; path = bufferevent_struct.h; sourceTree = "<group>"; };
		4142E47F1743F8130091C7DF /* dns.h */ = {isa = PBXFileReference; fileEncoding = 4; lastKnownFileType = sourcecode.c.h; path = dns.h; sourceTree = "<group>"; };
		4142E4801743F8130091C7DF /* dns_compat.h */ = {isa = PBXFileReference; fileEncoding = 4; lastKnownFileType = sourcecode.c.h; path = dns_compat.h; sourceTree = "<group>"; };
		4142E4811743F8130091C7DF /* dns_struct.h */ = {isa = PBXFileReference; fileEncoding = 4; lastKnownFileType = sourcecode.c.h; path = dns_struct.h; sourceTree = "<group>"; };
		4142E4821743F8130091C7DF /* event-config.h */ = {isa = PBXFileReference; fileEncoding = 4; lastKnownFileType = sourcecode.c.h; path = "event-config.h"; sourceTree = "<group>"; };
		4142E4831743F8130091C7DF /* event.h */ = {isa = PBXFileReference; fileEncoding = 4; lastKnownFileType = sourcecode.c.h; path = event.h; sourceTree = "<group>"; };
		4142E4841743F8130091C7DF /* event_compat.h */ = {isa = PBXFileReference; fileEncoding = 4; lastKnownFileType = sourcecode.c.h; path = event_compat.h; sourceTree = "<group>"; };
		4142E4851743F8130091C7DF /* event_struct.h */ = {isa = PBXFileReference; fileEncoding = 4; lastKnownFileType = sourcecode.c.h; path = event_struct.h; sourceTree = "<group>"; };
		4142E4861743F8130091C7DF /* http.h */ = {isa = PBXFileReference; fileEncoding = 4; lastKnownFileType = sourcecode.c.h; path = http.h; sourceTree = "<group>"; };
		4142E4871743F8130091C7DF /* http_compat.h */ = {isa = PBXFileReference; fileEncoding = 4; lastKnownFileType = sourcecode.c.h; path = http_compat.h; sourceTree = "<group>"; };
		4142E4881743F8130091C7DF /* http_struct.h */ = {isa = PBXFileReference; fileEncoding = 4; lastKnownFileType = sourcecode.c.h; path = http_struct.h; sourceTree = "<group>"; };
		4142E4891743F8130091C7DF /* keyvalq_struct.h */ = {isa = PBXFileReference; fileEncoding = 4; lastKnownFileType = sourcecode.c.h; path = keyvalq_struct.h; sourceTree = "<group>"; };
		4142E48A1743F8130091C7DF /* listener.h */ = {isa = PBXFileReference; fileEncoding = 4; lastKnownFileType = sourcecode.c.h; path = listener.h; sourceTree = "<group>"; };
		4142E48B1743F8130091C7DF /* rpc.h */ = {isa = PBXFileReference; fileEncoding = 4; lastKnownFileType = sourcecode.c.h; path = rpc.h; sourceTree = "<group>"; };
		4142E48C1743F8130091C7DF /* rpc_compat.h */ = {isa = PBXFileReference; fileEncoding = 4; lastKnownFileType = sourcecode.c.h; path = rpc_compat.h; sourceTree = "<group>"; };
		4142E48D1743F8130091C7DF /* rpc_struct.h */ = {isa = PBXFileReference; fileEncoding = 4; lastKnownFileType = sourcecode.c.h; path = rpc_struct.h; sourceTree = "<group>"; };
		4142E48E1743F8130091C7DF /* tag.h */ = {isa = PBXFileReference; fileEncoding = 4; lastKnownFileType = sourcecode.c.h; path = tag.h; sourceTree = "<group>"; };
		4142E48F1743F8130091C7DF /* tag_compat.h */ = {isa = PBXFileReference; fileEncoding = 4; lastKnownFileType = sourcecode.c.h; path = tag_compat.h; sourceTree = "<group>"; };
		4142E4901743F8130091C7DF /* thread.h */ = {isa = PBXFileReference; fileEncoding = 4; lastKnownFileType = sourcecode.c.h; path = thread.h; sourceTree = "<group>"; };
		4142E4911743F8130091C7DF /* util.h */ = {isa = PBXFileReference; fileEncoding = 4; lastKnownFileType = sourcecode.c.h; path = util.h; sourceTree = "<group>"; };
		4142E4921743F8130091C7DF /* evutil.h */ = {isa = PBXFileReference; fileEncoding = 4; lastKnownFileType = sourcecode.c.h; path = evutil.h; sourceTree = "<group>"; };
		4142E4931743F9860091C7DF /* libhiredis.a */ = {isa = PBXFileReference; lastKnownFileType = archive.ar; path = libhiredis.a; sourceTree = "<group>"; };
		4142E4951743FED30091C7DF /* libevent_core.a */ = {isa = PBXFileReference; lastKnownFileType = archive.ar; path = libevent_core.a; sourceTree = "<group>"; };
		4142E4961743FED30091C7DF /* libevent_openssl.a */ = {isa = PBXFileReference; lastKnownFileType = archive.ar; path = libevent_openssl.a; sourceTree = "<group>"; };
		4142E4971743FED30091C7DF /* libevent_pthreads.a */ = {isa = PBXFileReference; lastKnownFileType = archive.ar; path = libevent_pthreads.a; sourceTree = "<group>"; };
		4142E4981743FED30091C7DF /* libevent.a */ = {isa = PBXFileReference; lastKnownFileType = archive.ar; path = libevent.a; sourceTree = "<group>"; };
		4142E4A217460E140091C7DF /* TSEventDispatcher.h */ = {isa = PBXFileReference; fileEncoding = 4; lastKnownFileType = sourcecode.c.h; path = TSEventDispatcher.h; sourceTree = "<group>"; };
		4142E4A317460E140091C7DF /* TSEventDispatcher.m */ = {isa = PBXFileReference; fileEncoding = 4; lastKnownFileType = sourcecode.c.objc; path = TSEventDispatcher.m; sourceTree = "<group>"; };
/* End PBXFileReference section */

/* Begin PBXFrameworksBuildPhase section */
		4142E2DD17425BC40091C7DF /* Frameworks */ = {
			isa = PBXFrameworksBuildPhase;
			buildActionMask = 2147483647;
			files = (
				4142E2E417425BC40091C7DF /* Cocoa.framework in Frameworks */,
				4142E4941743F9860091C7DF /* libhiredis.a in Frameworks */,
				4142E4991743FED30091C7DF /* libevent_core.a in Frameworks */,
				4142E49A1743FED30091C7DF /* libevent_openssl.a in Frameworks */,
				4142E49B1743FED30091C7DF /* libevent_pthreads.a in Frameworks */,
				4142E49C1743FED30091C7DF /* libevent.a in Frameworks */,
			);
			runOnlyForDeploymentPostprocessing = 0;
		};
		4142E2FC17425BC50091C7DF /* Frameworks */ = {
			isa = PBXFrameworksBuildPhase;
			buildActionMask = 2147483647;
			files = (
				4142E30217425BC50091C7DF /* SenTestingKit.framework in Frameworks */,
				4142E30317425BC50091C7DF /* Cocoa.framework in Frameworks */,
			);
			runOnlyForDeploymentPostprocessing = 0;
		};
/* End PBXFrameworksBuildPhase section */

/* Begin PBXGroup section */
		4142E2D717425BC40091C7DF = {
			isa = PBXGroup;
			children = (
				4142E31717425CDF0091C7DF /* Libraries */,
				4142E2E917425BC40091C7DF /* Plaster */,
				4142E30617425BC50091C7DF /* PlasterTests */,
				4142E2E217425BC40091C7DF /* Frameworks */,
				4142E2E117425BC40091C7DF /* Products */,
			);
			sourceTree = "<group>";
		};
		4142E2E117425BC40091C7DF /* Products */ = {
			isa = PBXGroup;
			children = (
				4142E2E017425BC40091C7DF /* Plaster.app */,
				4142E30017425BC50091C7DF /* PlasterTests.octest */,
			);
			name = Products;
			sourceTree = "<group>";
		};
		4142E2E217425BC40091C7DF /* Frameworks */ = {
			isa = PBXGroup;
			children = (
				4142E2E317425BC40091C7DF /* Cocoa.framework */,
				4142E30117425BC50091C7DF /* SenTestingKit.framework */,
				4142E2E517425BC40091C7DF /* Other Frameworks */,
			);
			name = Frameworks;
			sourceTree = "<group>";
		};
		4142E2E517425BC40091C7DF /* Other Frameworks */ = {
			isa = PBXGroup;
			children = (
				4142E2E617425BC40091C7DF /* AppKit.framework */,
				4142E2E717425BC40091C7DF /* CoreData.framework */,
				4142E2E817425BC40091C7DF /* Foundation.framework */,
			);
			name = "Other Frameworks";
			sourceTree = "<group>";
		};
		4142E2E917425BC40091C7DF /* Plaster */ = {
			isa = PBXGroup;
			children = (
				4142E31817425CE60091C7DF /* Resources */,
				4142E2F517425BC40091C7DF /* TSAppDelegate.h */,
				4142E2F617425BC40091C7DF /* TSAppDelegate.m */,
				4142E2F817425BC50091C7DF /* MainMenu.xib */,
				4142E2EA17425BC40091C7DF /* Supporting Files */,
				4142E319174262B20091C7DF /* TSPasteboardPacket.h */,
				4142E31A174262B20091C7DF /* TSPasteboardPacket.m */,
				4142E31C174280740091C7DF /* TSStack.h */,
				4142E31D174280740091C7DF /* TSStack.m */,
				4142E3551743C1630091C7DF /* TSRedisController.h */,
				4142E3561743C1630091C7DF /* TSRedisController.m */,
				4142E3581743C1950091C7DF /* TSPlasterGlobals.h */,
				4142E4A217460E140091C7DF /* TSEventDispatcher.h */,
				4142E4A317460E140091C7DF /* TSEventDispatcher.m */,
			);
			path = Plaster;
			sourceTree = "<group>";
		};
		4142E2EA17425BC40091C7DF /* Supporting Files */ = {
			isa = PBXGroup;
			children = (
				4142E2EB17425BC40091C7DF /* Plaster-Info.plist */,
				4142E2EC17425BC40091C7DF /* InfoPlist.strings */,
				4142E2EF17425BC40091C7DF /* main.m */,
				4142E2F117425BC40091C7DF /* Plaster-Prefix.pch */,
				4142E2F217425BC40091C7DF /* Credits.rtf */,
			);
			name = "Supporting Files";
			sourceTree = "<group>";
		};
		4142E30617425BC50091C7DF /* PlasterTests */ = {
			isa = PBXGroup;
			children = (
				4142E30C17425BC50091C7DF /* PlasterTests.h */,
				4142E30D17425BC50091C7DF /* PlasterTests.m */,
				4142E30717425BC50091C7DF /* Supporting Files */,
			);
			path = PlasterTests;
			sourceTree = "<group>";
		};
		4142E30717425BC50091C7DF /* Supporting Files */ = {
			isa = PBXGroup;
			children = (
				4142E30817425BC50091C7DF /* PlasterTests-Info.plist */,
				4142E30917425BC50091C7DF /* InfoPlist.strings */,
			);
			name = "Supporting Files";
			sourceTree = "<group>";
		};
		4142E31717425CDF0091C7DF /* Libraries */ = {
			isa = PBXGroup;
			children = (
				4142E4951743FED30091C7DF /* libevent_core.a */,
				4142E4961743FED30091C7DF /* libevent_openssl.a */,
				4142E4971743FED30091C7DF /* libevent_pthreads.a */,
				4142E4981743FED30091C7DF /* libevent.a */,
				4142E4931743F9860091C7DF /* libhiredis.a */,
				4142E4761743F7550091C7DF /* libevent */,
				4142E4691743F6450091C7DF /* hiredis */,
			);
			name = Libraries;
			path = Plaster;
			sourceTree = "<group>";
		};
		4142E31817425CE60091C7DF /* Resources */ = {
			isa = PBXGroup;
			children = (
			);
			name = Resources;
			sourceTree = "<group>";
		};
		4142E4691743F6450091C7DF /* hiredis */ = {
			isa = PBXGroup;
			children = (
				4142E4701743F72A0091C7DF /* adapters */,
				4142E4741743F72A0091C7DF /* async.h */,
				4142E4751743F72A0091C7DF /* hiredis.h */,
			);
			name = hiredis;
			sourceTree = "<group>";
		};
		4142E4701743F72A0091C7DF /* adapters */ = {
			isa = PBXGroup;
			children = (
				4142E4731743F72A0091C7DF /* libevent.h */,
			);
			path = adapters;
			sourceTree = "<group>";
		};
		4142E4761743F7550091C7DF /* libevent */ = {
			isa = PBXGroup;
			children = (
				4142E4781743F8130091C7DF /* event2 */,
				4142E4921743F8130091C7DF /* evutil.h */,
				4142E4771743F7CA0091C7DF /* event.h */,
			);
			name = libevent;
			sourceTree = "<group>";
		};
		4142E4781743F8130091C7DF /* event2 */ = {
			isa = PBXGroup;
			children = (
				4142E4791743F8130091C7DF /* buffer.h */,
				4142E47A1743F8130091C7DF /* buffer_compat.h */,
				4142E47B1743F8130091C7DF /* bufferevent.h */,
				4142E47C1743F8130091C7DF /* bufferevent_compat.h */,
				4142E47D1743F8130091C7DF /* bufferevent_ssl.h */,
				4142E47E1743F8130091C7DF /* bufferevent_struct.h */,
				4142E47F1743F8130091C7DF /* dns.h */,
				4142E4801743F8130091C7DF /* dns_compat.h */,
				4142E4811743F8130091C7DF /* dns_struct.h */,
				4142E4821743F8130091C7DF /* event-config.h */,
				4142E4831743F8130091C7DF /* event.h */,
				4142E4841743F8130091C7DF /* event_compat.h */,
				4142E4851743F8130091C7DF /* event_struct.h */,
				4142E4861743F8130091C7DF /* http.h */,
				4142E4871743F8130091C7DF /* http_compat.h */,
				4142E4881743F8130091C7DF /* http_struct.h */,
				4142E4891743F8130091C7DF /* keyvalq_struct.h */,
				4142E48A1743F8130091C7DF /* listener.h */,
				4142E48B1743F8130091C7DF /* rpc.h */,
				4142E48C1743F8130091C7DF /* rpc_compat.h */,
				4142E48D1743F8130091C7DF /* rpc_struct.h */,
				4142E48E1743F8130091C7DF /* tag.h */,
				4142E48F1743F8130091C7DF /* tag_compat.h */,
				4142E4901743F8130091C7DF /* thread.h */,
				4142E4911743F8130091C7DF /* util.h */,
			);
			path = event2;
			sourceTree = "<group>";
		};
/* End PBXGroup section */

/* Begin PBXNativeTarget section */
		4142E2DF17425BC40091C7DF /* Plaster */ = {
			isa = PBXNativeTarget;
			buildConfigurationList = 4142E31117425BC50091C7DF /* Build configuration list for PBXNativeTarget "Plaster" */;
			buildPhases = (
				4142E2DC17425BC40091C7DF /* Sources */,
				4142E2DD17425BC40091C7DF /* Frameworks */,
				4142E2DE17425BC40091C7DF /* Resources */,
			);
			buildRules = (
			);
			dependencies = (
			);
			name = Plaster;
			productName = Plaster;
			productReference = 4142E2E017425BC40091C7DF /* Plaster.app */;
			productType = "com.apple.product-type.application";
		};
		4142E2FF17425BC50091C7DF /* PlasterTests */ = {
			isa = PBXNativeTarget;
			buildConfigurationList = 4142E31417425BC50091C7DF /* Build configuration list for PBXNativeTarget "PlasterTests" */;
			buildPhases = (
				4142E2FB17425BC50091C7DF /* Sources */,
				4142E2FC17425BC50091C7DF /* Frameworks */,
				4142E2FD17425BC50091C7DF /* Resources */,
				4142E2FE17425BC50091C7DF /* ShellScript */,
			);
			buildRules = (
			);
			dependencies = (
				4142E30517425BC50091C7DF /* PBXTargetDependency */,
			);
			name = PlasterTests;
			productName = PlasterTests;
			productReference = 4142E30017425BC50091C7DF /* PlasterTests.octest */;
			productType = "com.apple.product-type.bundle";
		};
/* End PBXNativeTarget section */

/* Begin PBXProject section */
		4142E2D817425BC40091C7DF /* Project object */ = {
			isa = PBXProject;
			attributes = {
				CLASSPREFIX = TS;
				LastUpgradeCheck = 0460;
				ORGANIZATIONNAME = "Trilobyte Systems ApS";
			};
			buildConfigurationList = 4142E2DB17425BC40091C7DF /* Build configuration list for PBXProject "Plaster" */;
			compatibilityVersion = "Xcode 3.2";
			developmentRegion = English;
			hasScannedForEncodings = 0;
			knownRegions = (
				en,
			);
			mainGroup = 4142E2D717425BC40091C7DF;
			productRefGroup = 4142E2E117425BC40091C7DF /* Products */;
			projectDirPath = "";
			projectRoot = "";
			targets = (
				4142E2DF17425BC40091C7DF /* Plaster */,
				4142E2FF17425BC50091C7DF /* PlasterTests */,
			);
		};
/* End PBXProject section */

/* Begin PBXResourcesBuildPhase section */
		4142E2DE17425BC40091C7DF /* Resources */ = {
			isa = PBXResourcesBuildPhase;
			buildActionMask = 2147483647;
			files = (
				4142E2EE17425BC40091C7DF /* InfoPlist.strings in Resources */,
				4142E2F417425BC40091C7DF /* Credits.rtf in Resources */,
				4142E2FA17425BC50091C7DF /* MainMenu.xib in Resources */,
			);
			runOnlyForDeploymentPostprocessing = 0;
		};
		4142E2FD17425BC50091C7DF /* Resources */ = {
			isa = PBXResourcesBuildPhase;
			buildActionMask = 2147483647;
			files = (
				4142E30B17425BC50091C7DF /* InfoPlist.strings in Resources */,
			);
			runOnlyForDeploymentPostprocessing = 0;
		};
/* End PBXResourcesBuildPhase section */

/* Begin PBXShellScriptBuildPhase section */
		4142E2FE17425BC50091C7DF /* ShellScript */ = {
			isa = PBXShellScriptBuildPhase;
			buildActionMask = 2147483647;
			files = (
			);
			inputPaths = (
			);
			outputPaths = (
			);
			runOnlyForDeploymentPostprocessing = 0;
			shellPath = /bin/sh;
			shellScript = "# Run the unit tests in this test bundle.\n\"${SYSTEM_DEVELOPER_DIR}/Tools/RunUnitTests\"\n";
		};
/* End PBXShellScriptBuildPhase section */

/* Begin PBXSourcesBuildPhase section */
		4142E2DC17425BC40091C7DF /* Sources */ = {
			isa = PBXSourcesBuildPhase;
			buildActionMask = 2147483647;
			files = (
				4142E2F017425BC40091C7DF /* main.m in Sources */,
				4142E2F717425BC40091C7DF /* TSAppDelegate.m in Sources */,
				4142E31B174262B20091C7DF /* TSPasteboardPacket.m in Sources */,
				4142E31E174280740091C7DF /* TSStack.m in Sources */,
				4142E3571743C1630091C7DF /* TSRedisController.m in Sources */,
				4142E4A417460E140091C7DF /* TSEventDispatcher.m in Sources */,
			);
			runOnlyForDeploymentPostprocessing = 0;
		};
		4142E2FB17425BC50091C7DF /* Sources */ = {
			isa = PBXSourcesBuildPhase;
			buildActionMask = 2147483647;
			files = (
				4142E30E17425BC50091C7DF /* PlasterTests.m in Sources */,
			);
			runOnlyForDeploymentPostprocessing = 0;
		};
/* End PBXSourcesBuildPhase section */

/* Begin PBXTargetDependency section */
		4142E30517425BC50091C7DF /* PBXTargetDependency */ = {
			isa = PBXTargetDependency;
			target = 4142E2DF17425BC40091C7DF /* Plaster */;
			targetProxy = 4142E30417425BC50091C7DF /* PBXContainerItemProxy */;
		};
/* End PBXTargetDependency section */

/* Begin PBXVariantGroup section */
		4142E2EC17425BC40091C7DF /* InfoPlist.strings */ = {
			isa = PBXVariantGroup;
			children = (
				4142E2ED17425BC40091C7DF /* en */,
			);
			name = InfoPlist.strings;
			sourceTree = "<group>";
		};
		4142E2F217425BC40091C7DF /* Credits.rtf */ = {
			isa = PBXVariantGroup;
			children = (
				4142E2F317425BC40091C7DF /* en */,
			);
			name = Credits.rtf;
			sourceTree = "<group>";
		};
		4142E2F817425BC50091C7DF /* MainMenu.xib */ = {
			isa = PBXVariantGroup;
			children = (
				4142E2F917425BC50091C7DF /* en */,
			);
			name = MainMenu.xib;
			sourceTree = "<group>";
		};
		4142E30917425BC50091C7DF /* InfoPlist.strings */ = {
			isa = PBXVariantGroup;
			children = (
				4142E30A17425BC50091C7DF /* en */,
			);
			name = InfoPlist.strings;
			sourceTree = "<group>";
		};
/* End PBXVariantGroup section */

/* Begin XCBuildConfiguration section */
		4142E30F17425BC50091C7DF /* Debug */ = {
			isa = XCBuildConfiguration;
			buildSettings = {
				ALWAYS_SEARCH_USER_PATHS = NO;
				ARCHS = "$(ARCHS_STANDARD_64_BIT)";
				CLANG_CXX_LANGUAGE_STANDARD = "gnu++0x";
				CLANG_CXX_LIBRARY = "libc++";
				CLANG_ENABLE_OBJC_ARC = YES;
				CLANG_WARN_CONSTANT_CONVERSION = YES;
				CLANG_WARN_EMPTY_BODY = YES;
				CLANG_WARN_ENUM_CONVERSION = YES;
				CLANG_WARN_INT_CONVERSION = YES;
				CLANG_WARN__DUPLICATE_METHOD_MATCH = YES;
				COPY_PHASE_STRIP = NO;
				GCC_C_LANGUAGE_STANDARD = gnu99;
				GCC_DYNAMIC_NO_PIC = NO;
				GCC_ENABLE_OBJC_EXCEPTIONS = YES;
				GCC_OPTIMIZATION_LEVEL = 0;
				GCC_PREPROCESSOR_DEFINITIONS = (
					"DEBUG=1",
					"$(inherited)",
				);
				GCC_SYMBOLS_PRIVATE_EXTERN = NO;
				GCC_WARN_64_TO_32_BIT_CONVERSION = YES;
				GCC_WARN_ABOUT_RETURN_TYPE = YES;
				GCC_WARN_UNINITIALIZED_AUTOS = YES;
				GCC_WARN_UNUSED_VARIABLE = YES;
				MACOSX_DEPLOYMENT_TARGET = 10.8;
				ONLY_ACTIVE_ARCH = YES;
				SDKROOT = macosx;
			};
			name = Debug;
		};
		4142E31017425BC50091C7DF /* Release */ = {
			isa = XCBuildConfiguration;
			buildSettings = {
				ALWAYS_SEARCH_USER_PATHS = NO;
				ARCHS = "$(ARCHS_STANDARD_64_BIT)";
				CLANG_CXX_LANGUAGE_STANDARD = "gnu++0x";
				CLANG_CXX_LIBRARY = "libc++";
				CLANG_ENABLE_OBJC_ARC = YES;
				CLANG_WARN_CONSTANT_CONVERSION = YES;
				CLANG_WARN_EMPTY_BODY = YES;
				CLANG_WARN_ENUM_CONVERSION = YES;
				CLANG_WARN_INT_CONVERSION = YES;
				CLANG_WARN__DUPLICATE_METHOD_MATCH = YES;
				COPY_PHASE_STRIP = YES;
				DEBUG_INFORMATION_FORMAT = "dwarf-with-dsym";
				GCC_C_LANGUAGE_STANDARD = gnu99;
				GCC_ENABLE_OBJC_EXCEPTIONS = YES;
				GCC_WARN_64_TO_32_BIT_CONVERSION = YES;
				GCC_WARN_ABOUT_RETURN_TYPE = YES;
				GCC_WARN_UNINITIALIZED_AUTOS = YES;
				GCC_WARN_UNUSED_VARIABLE = YES;
				MACOSX_DEPLOYMENT_TARGET = 10.8;
				SDKROOT = macosx;
			};
			name = Release;
		};
		4142E31217425BC50091C7DF /* Debug */ = {
			isa = XCBuildConfiguration;
			buildSettings = {
				COMBINE_HIDPI_IMAGES = YES;
				GCC_PRECOMPILE_PREFIX_HEADER = YES;
				GCC_PREFIX_HEADER = "Plaster/Plaster-Prefix.pch";
				HEADER_SEARCH_PATHS = "\"$(SRCROOT)\"/**";
				INFOPLIST_FILE = "Plaster/Plaster-Info.plist";
				LD_RUNPATH_SEARCH_PATHS = "";
				LIBRARY_SEARCH_PATHS = (
					"$(inherited)",
					"\"$(SRCROOT)/Plaster\"",
				);
				PRODUCT_NAME = "$(TARGET_NAME)";
				USER_HEADER_SEARCH_PATHS = "";
				WRAPPER_EXTENSION = app;
			};
			name = Debug;
		};
		4142E31317425BC50091C7DF /* Release */ = {
			isa = XCBuildConfiguration;
			buildSettings = {
				COMBINE_HIDPI_IMAGES = YES;
				GCC_PRECOMPILE_PREFIX_HEADER = YES;
				GCC_PREFIX_HEADER = "Plaster/Plaster-Prefix.pch";
				HEADER_SEARCH_PATHS = "\"$(SRCROOT)\"/**";
				INFOPLIST_FILE = "Plaster/Plaster-Info.plist";
				LD_RUNPATH_SEARCH_PATHS = "";
				LIBRARY_SEARCH_PATHS = (
					"$(inherited)",
					"\"$(SRCROOT)/Plaster\"",
				);
				PRODUCT_NAME = "$(TARGET_NAME)";
				USER_HEADER_SEARCH_PATHS = "";
				WRAPPER_EXTENSION = app;
			};
			name = Release;
		};
		4142E31517425BC50091C7DF /* Debug */ = {
			isa = XCBuildConfiguration;
			buildSettings = {
				BUNDLE_LOADER = "$(BUILT_PRODUCTS_DIR)/Plaster.app/Contents/MacOS/Plaster";
				COMBINE_HIDPI_IMAGES = YES;
				FRAMEWORK_SEARCH_PATHS = "\"$(DEVELOPER_LIBRARY_DIR)/Frameworks\"";
				GCC_PRECOMPILE_PREFIX_HEADER = YES;
				GCC_PREFIX_HEADER = "Plaster/Plaster-Prefix.pch";
				INFOPLIST_FILE = "PlasterTests/PlasterTests-Info.plist";
				PRODUCT_NAME = "$(TARGET_NAME)";
				TEST_HOST = "$(BUNDLE_LOADER)";
				WRAPPER_EXTENSION = octest;
			};
			name = Debug;
		};
		4142E31617425BC50091C7DF /* Release */ = {
			isa = XCBuildConfiguration;
			buildSettings = {
				BUNDLE_LOADER = "$(BUILT_PRODUCTS_DIR)/Plaster.app/Contents/MacOS/Plaster";
				COMBINE_HIDPI_IMAGES = YES;
				FRAMEWORK_SEARCH_PATHS = "\"$(DEVELOPER_LIBRARY_DIR)/Frameworks\"";
				GCC_PRECOMPILE_PREFIX_HEADER = YES;
				GCC_PREFIX_HEADER = "Plaster/Plaster-Prefix.pch";
				INFOPLIST_FILE = "PlasterTests/PlasterTests-Info.plist";
				PRODUCT_NAME = "$(TARGET_NAME)";
				TEST_HOST = "$(BUNDLE_LOADER)";
				WRAPPER_EXTENSION = octest;
			};
			name = Release;
		};
/* End XCBuildConfiguration section */

/* Begin XCConfigurationList section */
		4142E2DB17425BC40091C7DF /* Build configuration list for PBXProject "Plaster" */ = {
			isa = XCConfigurationList;
			buildConfigurations = (
				4142E30F17425BC50091C7DF /* Debug */,
				4142E31017425BC50091C7DF /* Release */,
			);
			defaultConfigurationIsVisible = 0;
			defaultConfigurationName = Release;
		};
		4142E31117425BC50091C7DF /* Build configuration list for PBXNativeTarget "Plaster" */ = {
			isa = XCConfigurationList;
			buildConfigurations = (
				4142E31217425BC50091C7DF /* Debug */,
				4142E31317425BC50091C7DF /* Release */,
			);
			defaultConfigurationIsVisible = 0;
			defaultConfigurationName = Release;
		};
		4142E31417425BC50091C7DF /* Build configuration list for PBXNativeTarget "PlasterTests" */ = {
			isa = XCConfigurationList;
			buildConfigurations = (
				4142E31517425BC50091C7DF /* Debug */,
				4142E31617425BC50091C7DF /* Release */,
			);
			defaultConfigurationIsVisible = 0;
			defaultConfigurationName = Release;
		};
/* End XCConfigurationList section */
	};
	rootObject = 4142E2D817425BC40091C7DF /* Project object */;
}
