// !$*UTF8*$!
{
	archiveVersion = 1;
	classes = {
	};
	objectVersion = 46;
	objects = {

/* Begin PBXBuildFile section */
		4105491117BBA2DF00A6727D /* TSLActivityAlert.m in Sources */ = {isa = PBXBuildFile; fileRef = 4105491017BBA2DF00A6727D /* TSLActivityAlert.m */; };
		41076B5C179FFC4E00F28F40 /* TSLModalAlertDelegate.m in Sources */ = {isa = PBXBuildFile; fileRef = 41076B5B179FFC4E00F28F40 /* TSLModalAlertDelegate.m */; };
		410B4D4317A7AEE700E1E0E2 /* TSLPacketSerializer.m in Sources */ = {isa = PBXBuildFile; fileRef = 410B4D4217A7AEE700E1E0E2 /* TSLPacketSerializer.m */; };
		410B4D4A17A7B51600E1E0E2 /* TSLPlasterImage.m in Sources */ = {isa = PBXBuildFile; fileRef = 410B4D4517A7B51600E1E0E2 /* TSLPlasterImage.m */; };
		410B4D4B17A7B51600E1E0E2 /* TSLPlasterPeer.m in Sources */ = {isa = PBXBuildFile; fileRef = 410B4D4717A7B51600E1E0E2 /* TSLPlasterPeer.m */; };
		410B4D4C17A7B51600E1E0E2 /* TSLPlasterString.m in Sources */ = {isa = PBXBuildFile; fileRef = 410B4D4917A7B51600E1E0E2 /* TSLPlasterString.m */; };
		410B4D4F17A7BC6100E1E0E2 /* TSLEventDispatcher.m in Sources */ = {isa = PBXBuildFile; fileRef = 410B4D4E17A7BC6100E1E0E2 /* TSLEventDispatcher.m */; };
		410B4D5417A7BD5900E1E0E2 /* TSLRedisController.m in Sources */ = {isa = PBXBuildFile; fileRef = 410B4D5317A7BD5900E1E0E2 /* TSLRedisController.m */; };
		410B4D5717A7CF6900E1E0E2 /* TSLReachability.m in Sources */ = {isa = PBXBuildFile; fileRef = 410B4D5617A7CF6900E1E0E2 /* TSLReachability.m */; };
		410B4D5817A7CF6900E1E0E2 /* TSLReachability.m in Sources */ = {isa = PBXBuildFile; fileRef = 410B4D5617A7CF6900E1E0E2 /* TSLReachability.m */; };
		410B4D5A17A7CF9500E1E0E2 /* SystemConfiguration.framework in Frameworks */ = {isa = PBXBuildFile; fileRef = 410B4D5917A7CF9500E1E0E2 /* SystemConfiguration.framework */; };
		410B4D5D17A7D4AD00E1E0E2 /* TSLPlasterController.m in Sources */ = {isa = PBXBuildFile; fileRef = 410B4D5C17A7D4AD00E1E0E2 /* TSLPlasterController.m */; };
		410B4D5E17A7D4AD00E1E0E2 /* TSLPlasterController.m in Sources */ = {isa = PBXBuildFile; fileRef = 410B4D5C17A7D4AD00E1E0E2 /* TSLPlasterController.m */; };
		410B4D6817A7F26F00E1E0E2 /* 19-gear.png in Resources */ = {isa = PBXBuildFile; fileRef = 410B4D6717A7F26F00E1E0E2 /* 19-gear.png */; };
		410B4D6917A7F26F00E1E0E2 /* 19-gear.png in Resources */ = {isa = PBXBuildFile; fileRef = 410B4D6717A7F26F00E1E0E2 /* 19-gear.png */; };
		410B4D6D17A7F37600E1E0E2 /* TSLPreferencesViewController.m in Sources */ = {isa = PBXBuildFile; fileRef = 410B4D6B17A7F37500E1E0E2 /* TSLPreferencesViewController.m */; };
		410B4D6E17A7F37600E1E0E2 /* TSLPreferencesViewController.m in Sources */ = {isa = PBXBuildFile; fileRef = 410B4D6B17A7F37500E1E0E2 /* TSLPreferencesViewController.m */; };
		410B4D6F17A7F37600E1E0E2 /* TSLPreferencesViewController.xib in Resources */ = {isa = PBXBuildFile; fileRef = 410B4D6C17A7F37600E1E0E2 /* TSLPreferencesViewController.xib */; };
		410B4D7017A7F37600E1E0E2 /* TSLPreferencesViewController.xib in Resources */ = {isa = PBXBuildFile; fileRef = 410B4D6C17A7F37600E1E0E2 /* TSLPreferencesViewController.xib */; };
		410B4D7417AA5B6400E1E0E2 /* TSLJoinSessionViewController.m in Sources */ = {isa = PBXBuildFile; fileRef = 410B4D7217AA5B6000E1E0E2 /* TSLJoinSessionViewController.m */; };
		410B4D7517AA5B6400E1E0E2 /* TSLJoinSessionViewController.m in Sources */ = {isa = PBXBuildFile; fileRef = 410B4D7217AA5B6000E1E0E2 /* TSLJoinSessionViewController.m */; };
		410B4D7617AA5B6400E1E0E2 /* TSLJoinSessionViewController.xib in Resources */ = {isa = PBXBuildFile; fileRef = 410B4D7317AA5B6200E1E0E2 /* TSLJoinSessionViewController.xib */; };
		410B4D7717AA5B6400E1E0E2 /* TSLJoinSessionViewController.xib in Resources */ = {isa = PBXBuildFile; fileRef = 410B4D7317AA5B6200E1E0E2 /* TSLJoinSessionViewController.xib */; };
		410D127C17AF98510073EF7B /* TSLProfileViewCell.m in Sources */ = {isa = PBXBuildFile; fileRef = 410D127B17AF98510073EF7B /* TSLProfileViewCell.m */; };
		410D128117AFBC140073EF7B /* TSLPlasterProfile.m in Sources */ = {isa = PBXBuildFile; fileRef = 410D128017AFBC140073EF7B /* TSLPlasterProfile.m */; };
		417FF595179E69BB0070CE9B /* TSLProfilesViewController.m in Sources */ = {isa = PBXBuildFile; fileRef = 417FF593179E69BB0070CE9B /* TSLProfilesViewController.m */; };
		417FF596179E69BB0070CE9B /* TSLProfilesViewController.xib in Resources */ = {isa = PBXBuildFile; fileRef = 417FF594179E69BB0070CE9B /* TSLProfilesViewController.xib */; };
		417FF597179E75140070CE9B /* libTSLHiredisiOS.a in Frameworks */ = {isa = PBXBuildFile; fileRef = 41E713C0179D3AE800F766CB /* libTSLHiredisiOS.a */; };
		417FF59A179E7EC10070CE9B /* TSLPlasterProfilesController.m in Sources */ = {isa = PBXBuildFile; fileRef = 417FF599179E7EC00070CE9B /* TSLPlasterProfilesController.m */; };
		417FF5A0179E81CB0070CE9B /* TSLPlasterGlobals.m in Sources */ = {isa = PBXBuildFile; fileRef = 417FF59F179E81CB0070CE9B /* TSLPlasterGlobals.m */; };
		417FF5A4179E91180070CE9B /* TSLNewSessionViewController.m in Sources */ = {isa = PBXBuildFile; fileRef = 417FF5A2179E91170070CE9B /* TSLNewSessionViewController.m */; };
		417FF5A5179E91180070CE9B /* TSLNewSessionViewController.xib in Resources */ = {isa = PBXBuildFile; fileRef = 417FF5A3179E91180070CE9B /* TSLNewSessionViewController.xib */; };
		417FF5A8179EA1240070CE9B /* TSLClientIdentifier.m in Sources */ = {isa = PBXBuildFile; fileRef = 417FF5A7179EA1240070CE9B /* TSLClientIdentifier.m */; };
		41B82DC3179A9FBF00CF6EE3 /* libTSLBase64-iOS.a in Frameworks */ = {isa = PBXBuildFile; fileRef = 41B82DC2179A9FBB00CF6EE3 /* libTSLBase64-iOS.a */; };
		41F985D617673B360031609C /* UIKit.framework in Frameworks */ = {isa = PBXBuildFile; fileRef = 41F985D517673B360031609C /* UIKit.framework */; };
		41F985D817673B360031609C /* Foundation.framework in Frameworks */ = {isa = PBXBuildFile; fileRef = 41F985D717673B360031609C /* Foundation.framework */; };
		41F985DA17673B360031609C /* CoreGraphics.framework in Frameworks */ = {isa = PBXBuildFile; fileRef = 41F985D917673B360031609C /* CoreGraphics.framework */; };
		41F985E017673B360031609C /* InfoPlist.strings in Resources */ = {isa = PBXBuildFile; fileRef = 41F985DE17673B360031609C /* InfoPlist.strings */; };
		41F985E217673B360031609C /* main.m in Sources */ = {isa = PBXBuildFile; fileRef = 41F985E117673B360031609C /* main.m */; };
		41F985E617673B360031609C /* TSLPlasterAppDelegate.m in Sources */ = {isa = PBXBuildFile; fileRef = 41F985E517673B360031609C /* TSLPlasterAppDelegate.m */; };
		41F985E817673B360031609C /* Default.png in Resources */ = {isa = PBXBuildFile; fileRef = 41F985E717673B360031609C /* Default.png */; };
		41F985EA17673B360031609C /* Default@2x.png in Resources */ = {isa = PBXBuildFile; fileRef = 41F985E917673B360031609C /* Default@2x.png */; };
		41F985EC17673B360031609C /* Default-568h@2x.png in Resources */ = {isa = PBXBuildFile; fileRef = 41F985EB17673B360031609C /* Default-568h@2x.png */; };
		41F985EF17673B360031609C /* TSViewController.m in Sources */ = {isa = PBXBuildFile; fileRef = 41F985EE17673B360031609C /* TSViewController.m */; };
		41F985F217673B360031609C /* TSViewController_iPhone.xib in Resources */ = {isa = PBXBuildFile; fileRef = 41F985F017673B360031609C /* TSViewController_iPhone.xib */; };
		41F985F517673B360031609C /* TSViewController_iPad.xib in Resources */ = {isa = PBXBuildFile; fileRef = 41F985F317673B360031609C /* TSViewController_iPad.xib */; };
		41F985FD17673B360031609C /* SenTestingKit.framework in Frameworks */ = {isa = PBXBuildFile; fileRef = 41F985FC17673B360031609C /* SenTestingKit.framework */; };
		41F985FE17673B360031609C /* UIKit.framework in Frameworks */ = {isa = PBXBuildFile; fileRef = 41F985D517673B360031609C /* UIKit.framework */; };
		41F985FF17673B360031609C /* Foundation.framework in Frameworks */ = {isa = PBXBuildFile; fileRef = 41F985D717673B360031609C /* Foundation.framework */; };
		41F9860717673B360031609C /* InfoPlist.strings in Resources */ = {isa = PBXBuildFile; fileRef = 41F9860517673B360031609C /* InfoPlist.strings */; };
		41F9860A17673B360031609C /* Plaster_iOSTests.m in Sources */ = {isa = PBXBuildFile; fileRef = 41F9860917673B360031609C /* Plaster_iOSTests.m */; };
/* End PBXBuildFile section */

/* Begin PBXContainerItemProxy section */
		410B4D3C17A7ADF100E1E0E2 /* PBXContainerItemProxy */ = {
			isa = PBXContainerItemProxy;
			containerPortal = 4176EB6A17968B44005CF2E3 /* TSBase64.xcodeproj */;
			proxyType = 1;
			remoteGlobalIDString = 41B82DA9179A9DBE00CF6EE3;
			remoteInfo = "TSLBase64-iOS";
		};
		4176EB6E17968B44005CF2E3 /* PBXContainerItemProxy */ = {
			isa = PBXContainerItemProxy;
			containerPortal = 4176EB6A17968B44005CF2E3 /* TSBase64.xcodeproj */;
			proxyType = 2;
			remoteGlobalIDString = 41FE136F174BA99A00511395;
			remoteInfo = TSBase64;
		};
		41B82DC1179A9FBB00CF6EE3 /* PBXContainerItemProxy */ = {
			isa = PBXContainerItemProxy;
			containerPortal = 4176EB6A17968B44005CF2E3 /* TSBase64.xcodeproj */;
			proxyType = 2;
			remoteGlobalIDString = 41B82DAA179A9DBE00CF6EE3;
			remoteInfo = "TSLBase64-iOS";
		};
		41E713BF179D3AE800F766CB /* PBXContainerItemProxy */ = {
			isa = PBXContainerItemProxy;
			containerPortal = 41E713B9179D3AE800F766CB /* TSLHiredisiOS.xcodeproj */;
			proxyType = 2;
			remoteGlobalIDString = 41E713A8179D3AE800F766CB;
			remoteInfo = TSLHiredisiOS;
		};
		41F9860017673B360031609C /* PBXContainerItemProxy */ = {
			isa = PBXContainerItemProxy;
			containerPortal = 41F985CA17673B360031609C /* Project object */;
			proxyType = 1;
			remoteGlobalIDString = 41F985D117673B360031609C;
			remoteInfo = "Plaster-iOS";
		};
/* End PBXContainerItemProxy section */

/* Begin PBXFileReference section */
		4105490F17BBA2DF00A6727D /* TSLActivityAlert.h */ = {isa = PBXFileReference; fileEncoding = 4; lastKnownFileType = sourcecode.c.h; path = TSLActivityAlert.h; sourceTree = "<group>"; };
		4105491017BBA2DF00A6727D /* TSLActivityAlert.m */ = {isa = PBXFileReference; fileEncoding = 4; lastKnownFileType = sourcecode.c.objc; path = TSLActivityAlert.m; sourceTree = "<group>"; };
		4105494717BBB89000A6727D /* Plaster-iOS copy-Info.plist */ = {isa = PBXFileReference; lastKnownFileType = text.plist.xml; name = "Plaster-iOS copy-Info.plist"; path = "/Users/dnataraj/dev/plaster.io/Plaster-iOS/Plaster-iOS copy-Info.plist"; sourceTree = "<absolute>"; };
		41076B5A179FFC4E00F28F40 /* TSLModalAlertDelegate.h */ = {isa = PBXFileReference; fileEncoding = 4; lastKnownFileType = sourcecode.c.h; path = TSLModalAlertDelegate.h; sourceTree = "<group>"; };
		41076B5B179FFC4E00F28F40 /* TSLModalAlertDelegate.m */ = {isa = PBXFileReference; fileEncoding = 4; lastKnownFileType = sourcecode.c.objc; path = TSLModalAlertDelegate.m; sourceTree = "<group>"; };
		410B4D4117A7AEE700E1E0E2 /* TSLPacketSerializer.h */ = {isa = PBXFileReference; fileEncoding = 4; lastKnownFileType = sourcecode.c.h; path = TSLPacketSerializer.h; sourceTree = "<group>"; };
		410B4D4217A7AEE700E1E0E2 /* TSLPacketSerializer.m */ = {isa = PBXFileReference; fileEncoding = 4; lastKnownFileType = sourcecode.c.objc; path = TSLPacketSerializer.m; sourceTree = "<group>"; };
		410B4D4417A7B51600E1E0E2 /* TSLPlasterImage.h */ = {isa = PBXFileReference; fileEncoding = 4; lastKnownFileType = sourcecode.c.h; path = TSLPlasterImage.h; sourceTree = "<group>"; };
		410B4D4517A7B51600E1E0E2 /* TSLPlasterImage.m */ = {isa = PBXFileReference; fileEncoding = 4; lastKnownFileType = sourcecode.c.objc; path = TSLPlasterImage.m; sourceTree = "<group>"; };
		410B4D4617A7B51600E1E0E2 /* TSLPlasterPeer.h */ = {isa = PBXFileReference; fileEncoding = 4; lastKnownFileType = sourcecode.c.h; path = TSLPlasterPeer.h; sourceTree = "<group>"; };
		410B4D4717A7B51600E1E0E2 /* TSLPlasterPeer.m */ = {isa = PBXFileReference; fileEncoding = 4; lastKnownFileType = sourcecode.c.objc; path = TSLPlasterPeer.m; sourceTree = "<group>"; };
		410B4D4817A7B51600E1E0E2 /* TSLPlasterString.h */ = {isa = PBXFileReference; fileEncoding = 4; lastKnownFileType = sourcecode.c.h; path = TSLPlasterString.h; sourceTree = "<group>"; };
		410B4D4917A7B51600E1E0E2 /* TSLPlasterString.m */ = {isa = PBXFileReference; fileEncoding = 4; lastKnownFileType = sourcecode.c.objc; path = TSLPlasterString.m; sourceTree = "<group>"; };
		410B4D4D17A7BC6100E1E0E2 /* TSLEventDispatcher.h */ = {isa = PBXFileReference; fileEncoding = 4; lastKnownFileType = sourcecode.c.h; path = TSLEventDispatcher.h; sourceTree = "<group>"; };
		410B4D4E17A7BC6100E1E0E2 /* TSLEventDispatcher.m */ = {isa = PBXFileReference; fileEncoding = 4; lastKnownFileType = sourcecode.c.objc; path = TSLEventDispatcher.m; sourceTree = "<group>"; };
		410B4D5017A7BD2E00E1E0E2 /* TSDataStoreProvider.h */ = {isa = PBXFileReference; fileEncoding = 4; lastKnownFileType = sourcecode.c.h; path = TSDataStoreProvider.h; sourceTree = "<group>"; };
		410B4D5117A7BD2E00E1E0E2 /* TSMessagingProvider.h */ = {isa = PBXFileReference; fileEncoding = 4; lastKnownFileType = sourcecode.c.h; path = TSMessagingProvider.h; sourceTree = "<group>"; };
		410B4D5217A7BD5900E1E0E2 /* TSLRedisController.h */ = {isa = PBXFileReference; fileEncoding = 4; lastKnownFileType = sourcecode.c.h; path = TSLRedisController.h; sourceTree = "<group>"; };
		410B4D5317A7BD5900E1E0E2 /* TSLRedisController.m */ = {isa = PBXFileReference; fileEncoding = 4; lastKnownFileType = sourcecode.c.objc; path = TSLRedisController.m; sourceTree = "<group>"; };
		410B4D5517A7CF6900E1E0E2 /* TSLReachability.h */ = {isa = PBXFileReference; fileEncoding = 4; lastKnownFileType = sourcecode.c.h; path = TSLReachability.h; sourceTree = "<group>"; };
		410B4D5617A7CF6900E1E0E2 /* TSLReachability.m */ = {isa = PBXFileReference; fileEncoding = 4; lastKnownFileType = sourcecode.c.objc; path = TSLReachability.m; sourceTree = "<group>"; };
		410B4D5917A7CF9500E1E0E2 /* SystemConfiguration.framework */ = {isa = PBXFileReference; lastKnownFileType = wrapper.framework; name = SystemConfiguration.framework; path = System/Library/Frameworks/SystemConfiguration.framework; sourceTree = SDKROOT; };
		410B4D5B17A7D4AC00E1E0E2 /* TSLPlasterController.h */ = {isa = PBXFileReference; fileEncoding = 4; lastKnownFileType = sourcecode.c.h; path = TSLPlasterController.h; sourceTree = "<group>"; };
		410B4D5C17A7D4AD00E1E0E2 /* TSLPlasterController.m */ = {isa = PBXFileReference; fileEncoding = 4; lastKnownFileType = sourcecode.c.objc; path = TSLPlasterController.m; sourceTree = "<group>"; };
		410B4D6717A7F26F00E1E0E2 /* 19-gear.png */ = {isa = PBXFileReference; lastKnownFileType = image.png; path = "19-gear.png"; sourceTree = "<group>"; };
		410B4D6A17A7F37500E1E0E2 /* TSLPreferencesViewController.h */ = {isa = PBXFileReference; fileEncoding = 4; lastKnownFileType = sourcecode.c.h; path = TSLPreferencesViewController.h; sourceTree = "<group>"; };
		410B4D6B17A7F37500E1E0E2 /* TSLPreferencesViewController.m */ = {isa = PBXFileReference; fileEncoding = 4; lastKnownFileType = sourcecode.c.objc; path = TSLPreferencesViewController.m; sourceTree = "<group>"; };
		410B4D6C17A7F37600E1E0E2 /* TSLPreferencesViewController.xib */ = {isa = PBXFileReference; fileEncoding = 4; lastKnownFileType = file.xib; path = TSLPreferencesViewController.xib; sourceTree = "<group>"; };
		410B4D7117AA5B6000E1E0E2 /* TSLJoinSessionViewController.h */ = {isa = PBXFileReference; fileEncoding = 4; lastKnownFileType = sourcecode.c.h; path = TSLJoinSessionViewController.h; sourceTree = "<group>"; };
		410B4D7217AA5B6000E1E0E2 /* TSLJoinSessionViewController.m */ = {isa = PBXFileReference; fileEncoding = 4; lastKnownFileType = sourcecode.c.objc; path = TSLJoinSessionViewController.m; sourceTree = "<group>"; };
		410B4D7317AA5B6200E1E0E2 /* TSLJoinSessionViewController.xib */ = {isa = PBXFileReference; fileEncoding = 4; lastKnownFileType = file.xib; path = TSLJoinSessionViewController.xib; sourceTree = "<group>"; };
		410D127A17AF98510073EF7B /* TSLProfileViewCell.h */ = {isa = PBXFileReference; fileEncoding = 4; lastKnownFileType = sourcecode.c.h; path = TSLProfileViewCell.h; sourceTree = "<group>"; };
		410D127B17AF98510073EF7B /* TSLProfileViewCell.m */ = {isa = PBXFileReference; fileEncoding = 4; lastKnownFileType = sourcecode.c.objc; path = TSLProfileViewCell.m; sourceTree = "<group>"; };
		410D127F17AFBC130073EF7B /* TSLPlasterProfile.h */ = {isa = PBXFileReference; fileEncoding = 4; lastKnownFileType = sourcecode.c.h; path = TSLPlasterProfile.h; sourceTree = "<group>"; };
		410D128017AFBC140073EF7B /* TSLPlasterProfile.m */ = {isa = PBXFileReference; fileEncoding = 4; lastKnownFileType = sourcecode.c.objc; path = TSLPlasterProfile.m; sourceTree = "<group>"; };
		4176EB6617968AC2005CF2E3 /* async.h */ = {isa = PBXFileReference; fileEncoding = 4; lastKnownFileType = sourcecode.c.h; path = async.h; sourceTree = "<group>"; };
		4176EB6717968AC2005CF2E3 /* hiredis.h */ = {isa = PBXFileReference; fileEncoding = 4; lastKnownFileType = sourcecode.c.h; path = hiredis.h; sourceTree = "<group>"; };
		4176EB6817968AC2005CF2E3 /* libhiredis.a */ = {isa = PBXFileReference; lastKnownFileType = archive.ar; path = libhiredis.a; sourceTree = "<group>"; };
		4176EB6A17968B44005CF2E3 /* TSBase64.xcodeproj */ = {isa = PBXFileReference; lastKnownFileType = "wrapper.pb-project"; name = TSBase64.xcodeproj; path = /Users/dnataraj/dev/plaster.io/Plaster/Plaster/../../TSBase64/TSBase64.xcodeproj; sourceTree = "<absolute>"; };
		417FF592179E69BB0070CE9B /* TSLProfilesViewController.h */ = {isa = PBXFileReference; fileEncoding = 4; lastKnownFileType = sourcecode.c.h; path = TSLProfilesViewController.h; sourceTree = "<group>"; };
		417FF593179E69BB0070CE9B /* TSLProfilesViewController.m */ = {isa = PBXFileReference; fileEncoding = 4; lastKnownFileType = sourcecode.c.objc; path = TSLProfilesViewController.m; sourceTree = "<group>"; };
		417FF594179E69BB0070CE9B /* TSLProfilesViewController.xib */ = {isa = PBXFileReference; fileEncoding = 4; lastKnownFileType = file.xib; path = TSLProfilesViewController.xib; sourceTree = "<group>"; };
		417FF598179E7EC00070CE9B /* TSLPlasterProfilesController.h */ = {isa = PBXFileReference; fileEncoding = 4; lastKnownFileType = sourcecode.c.h; path = TSLPlasterProfilesController.h; sourceTree = "<group>"; };
		417FF599179E7EC00070CE9B /* TSLPlasterProfilesController.m */ = {isa = PBXFileReference; fileEncoding = 4; lastKnownFileType = sourcecode.c.objc; path = TSLPlasterProfilesController.m; sourceTree = "<group>"; };
		417FF59E179E81BF0070CE9B /* TSLPlasterGlobals.h */ = {isa = PBXFileReference; fileEncoding = 4; lastKnownFileType = sourcecode.c.h; path = TSLPlasterGlobals.h; sourceTree = "<group>"; };
		417FF59F179E81CB0070CE9B /* TSLPlasterGlobals.m */ = {isa = PBXFileReference; fileEncoding = 4; lastKnownFileType = sourcecode.c.objc; path = TSLPlasterGlobals.m; sourceTree = "<group>"; };
		417FF5A1179E91170070CE9B /* TSLNewSessionViewController.h */ = {isa = PBXFileReference; fileEncoding = 4; lastKnownFileType = sourcecode.c.h; path = TSLNewSessionViewController.h; sourceTree = "<group>"; };
		417FF5A2179E91170070CE9B /* TSLNewSessionViewController.m */ = {isa = PBXFileReference; fileEncoding = 4; lastKnownFileType = sourcecode.c.objc; path = TSLNewSessionViewController.m; sourceTree = "<group>"; };
		417FF5A3179E91180070CE9B /* TSLNewSessionViewController.xib */ = {isa = PBXFileReference; fileEncoding = 4; lastKnownFileType = file.xib; path = TSLNewSessionViewController.xib; sourceTree = "<group>"; };
		417FF5A6179EA1240070CE9B /* TSLClientIdentifier.h */ = {isa = PBXFileReference; fileEncoding = 4; lastKnownFileType = sourcecode.c.h; path = TSLClientIdentifier.h; sourceTree = "<group>"; };
		417FF5A7179EA1240070CE9B /* TSLClientIdentifier.m */ = {isa = PBXFileReference; fileEncoding = 4; lastKnownFileType = sourcecode.c.objc; path = TSLClientIdentifier.m; sourceTree = "<group>"; };
		41E713B9179D3AE800F766CB /* TSLHiredisiOS.xcodeproj */ = {isa = PBXFileReference; lastKnownFileType = "wrapper.pb-project"; name = TSLHiredisiOS.xcodeproj; path = ../TSLHiredisiOS/TSLHiredisiOS.xcodeproj; sourceTree = "<group>"; };
		41F985D217673B360031609C /* Plaster-iOS.app */ = {isa = PBXFileReference; explicitFileType = wrapper.application; includeInIndex = 0; path = "Plaster-iOS.app"; sourceTree = BUILT_PRODUCTS_DIR; };
		41F985D517673B360031609C /* UIKit.framework */ = {isa = PBXFileReference; lastKnownFileType = wrapper.framework; name = UIKit.framework; path = System/Library/Frameworks/UIKit.framework; sourceTree = SDKROOT; };
		41F985D717673B360031609C /* Foundation.framework */ = {isa = PBXFileReference; lastKnownFileType = wrapper.framework; name = Foundation.framework; path = System/Library/Frameworks/Foundation.framework; sourceTree = SDKROOT; };
		41F985D917673B360031609C /* CoreGraphics.framework */ = {isa = PBXFileReference; lastKnownFileType = wrapper.framework; name = CoreGraphics.framework; path = System/Library/Frameworks/CoreGraphics.framework; sourceTree = SDKROOT; };
		41F985DD17673B360031609C /* Plaster-iOS-Info.plist */ = {isa = PBXFileReference; lastKnownFileType = text.plist.xml; path = "Plaster-iOS-Info.plist"; sourceTree = "<group>"; };
		41F985DF17673B360031609C /* en */ = {isa = PBXFileReference; lastKnownFileType = text.plist.strings; name = en; path = en.lproj/InfoPlist.strings; sourceTree = "<group>"; };
		41F985E117673B360031609C /* main.m */ = {isa = PBXFileReference; lastKnownFileType = sourcecode.c.objc; path = main.m; sourceTree = "<group>"; };
		41F985E317673B360031609C /* Plaster-iOS-Prefix.pch */ = {isa = PBXFileReference; lastKnownFileType = sourcecode.c.h; path = "Plaster-iOS-Prefix.pch"; sourceTree = "<group>"; };
		41F985E417673B360031609C /* TSLPlasterAppDelegate.h */ = {isa = PBXFileReference; lastKnownFileType = sourcecode.c.h; path = TSLPlasterAppDelegate.h; sourceTree = "<group>"; };
		41F985E517673B360031609C /* TSLPlasterAppDelegate.m */ = {isa = PBXFileReference; lastKnownFileType = sourcecode.c.objc; path = TSLPlasterAppDelegate.m; sourceTree = "<group>"; };
		41F985E717673B360031609C /* Default.png */ = {isa = PBXFileReference; lastKnownFileType = image.png; path = Default.png; sourceTree = "<group>"; };
		41F985E917673B360031609C /* Default@2x.png */ = {isa = PBXFileReference; lastKnownFileType = image.png; path = "Default@2x.png"; sourceTree = "<group>"; };
		41F985EB17673B360031609C /* Default-568h@2x.png */ = {isa = PBXFileReference; lastKnownFileType = image.png; path = "Default-568h@2x.png"; sourceTree = "<group>"; };
		41F985ED17673B360031609C /* TSViewController.h */ = {isa = PBXFileReference; lastKnownFileType = sourcecode.c.h; path = TSViewController.h; sourceTree = "<group>"; };
		41F985EE17673B360031609C /* TSViewController.m */ = {isa = PBXFileReference; lastKnownFileType = sourcecode.c.objc; path = TSViewController.m; sourceTree = "<group>"; };
		41F985F117673B360031609C /* en */ = {isa = PBXFileReference; lastKnownFileType = file.xib; name = en; path = en.lproj/TSViewController_iPhone.xib; sourceTree = "<group>"; };
		41F985F417673B360031609C /* en */ = {isa = PBXFileReference; lastKnownFileType = file.xib; name = en; path = en.lproj/TSViewController_iPad.xib; sourceTree = "<group>"; };
		41F985FB17673B360031609C /* Plaster-iOSTests.octest */ = {isa = PBXFileReference; explicitFileType = wrapper.cfbundle; includeInIndex = 0; path = "Plaster-iOSTests.octest"; sourceTree = BUILT_PRODUCTS_DIR; };
		41F985FC17673B360031609C /* SenTestingKit.framework */ = {isa = PBXFileReference; lastKnownFileType = wrapper.framework; name = SenTestingKit.framework; path = Library/Frameworks/SenTestingKit.framework; sourceTree = DEVELOPER_DIR; };
		41F9860417673B360031609C /* Plaster-iOSTests-Info.plist */ = {isa = PBXFileReference; lastKnownFileType = text.plist.xml; path = "Plaster-iOSTests-Info.plist"; sourceTree = "<group>"; };
		41F9860617673B360031609C /* en */ = {isa = PBXFileReference; lastKnownFileType = text.plist.strings; name = en; path = en.lproj/InfoPlist.strings; sourceTree = "<group>"; };
		41F9860817673B360031609C /* Plaster_iOSTests.h */ = {isa = PBXFileReference; lastKnownFileType = sourcecode.c.h; path = Plaster_iOSTests.h; sourceTree = "<group>"; };
		41F9860917673B360031609C /* Plaster_iOSTests.m */ = {isa = PBXFileReference; lastKnownFileType = sourcecode.c.objc; path = Plaster_iOSTests.m; sourceTree = "<group>"; };
/* End PBXFileReference section */

/* Begin PBXFrameworksBuildPhase section */
		41F985CF17673B360031609C /* Frameworks */ = {
			isa = PBXFrameworksBuildPhase;
			buildActionMask = 2147483647;
			files = (
				410B4D5A17A7CF9500E1E0E2 /* SystemConfiguration.framework in Frameworks */,
				417FF597179E75140070CE9B /* libTSLHiredisiOS.a in Frameworks */,
				41B82DC3179A9FBF00CF6EE3 /* libTSLBase64-iOS.a in Frameworks */,
				41F985D617673B360031609C /* UIKit.framework in Frameworks */,
				41F985D817673B360031609C /* Foundation.framework in Frameworks */,
				41F985DA17673B360031609C /* CoreGraphics.framework in Frameworks */,
			);
			runOnlyForDeploymentPostprocessing = 0;
		};
		41F985F717673B360031609C /* Frameworks */ = {
			isa = PBXFrameworksBuildPhase;
			buildActionMask = 2147483647;
			files = (
				41F985FD17673B360031609C /* SenTestingKit.framework in Frameworks */,
				41F985FE17673B360031609C /* UIKit.framework in Frameworks */,
				41F985FF17673B360031609C /* Foundation.framework in Frameworks */,
			);
			runOnlyForDeploymentPostprocessing = 0;
		};
/* End PBXFrameworksBuildPhase section */

/* Begin PBXGroup section */
		410B4D6617A7F25900E1E0E2 /* Resources */ = {
			isa = PBXGroup;
			children = (
				410B4D6717A7F26F00E1E0E2 /* 19-gear.png */,
			);
			name = Resources;
			sourceTree = "<group>";
		};
		4176EB65179687CC005CF2E3 /* Libraries */ = {
			isa = PBXGroup;
			children = (
				41E713B9179D3AE800F766CB /* TSLHiredisiOS.xcodeproj */,
				4176EB6A17968B44005CF2E3 /* TSBase64.xcodeproj */,
				4176EB6617968AC2005CF2E3 /* async.h */,
				4176EB6717968AC2005CF2E3 /* hiredis.h */,
				4176EB6817968AC2005CF2E3 /* libhiredis.a */,
			);
			name = Libraries;
			sourceTree = "<group>";
		};
		4176EB6B17968B44005CF2E3 /* Products */ = {
			isa = PBXGroup;
			children = (
				4176EB6F17968B44005CF2E3 /* libTSBase64.a */,
				41B82DC2179A9FBB00CF6EE3 /* libTSLBase64-iOS.a */,
			);
			name = Products;
			sourceTree = "<group>";
		};
		41E713BA179D3AE800F766CB /* Products */ = {
			isa = PBXGroup;
			children = (
				41E713C0179D3AE800F766CB /* libTSLHiredisiOS.a */,
			);
			name = Products;
			sourceTree = "<group>";
		};
		41F985C917673B360031609C = {
			isa = PBXGroup;
			children = (
				410B4D5917A7CF9500E1E0E2 /* SystemConfiguration.framework */,
				4176EB65179687CC005CF2E3 /* Libraries */,
				41F985DB17673B360031609C /* Plaster-iOS */,
				41F9860217673B360031609C /* Plaster-iOSTests */,
				41F985D417673B360031609C /* Frameworks */,
				41F985D317673B360031609C /* Products */,
				4105494717BBB89000A6727D /* Plaster-iOS copy-Info.plist */,
			);
			sourceTree = "<group>";
		};
		41F985D317673B360031609C /* Products */ = {
			isa = PBXGroup;
			children = (
				41F985D217673B360031609C /* Plaster-iOS.app */,
				41F985FB17673B360031609C /* Plaster-iOSTests.octest */,
			);
			name = Products;
			sourceTree = "<group>";
		};
		41F985D417673B360031609C /* Frameworks */ = {
			isa = PBXGroup;
			children = (
				41F985D517673B360031609C /* UIKit.framework */,
				41F985D717673B360031609C /* Foundation.framework */,
				41F985D917673B360031609C /* CoreGraphics.framework */,
				41F985FC17673B360031609C /* SenTestingKit.framework */,
			);
			name = Frameworks;
			sourceTree = "<group>";
		};
		41F985DB17673B360031609C /* Plaster-iOS */ = {
			isa = PBXGroup;
			children = (
				4105490F17BBA2DF00A6727D /* TSLActivityAlert.h */,
				4105491017BBA2DF00A6727D /* TSLActivityAlert.m */,
				410B4D6617A7F25900E1E0E2 /* Resources */,
				410B4D5B17A7D4AC00E1E0E2 /* TSLPlasterController.h */,
				410B4D5C17A7D4AD00E1E0E2 /* TSLPlasterController.m */,
				410B4D5517A7CF6900E1E0E2 /* TSLReachability.h */,
				410B4D5617A7CF6900E1E0E2 /* TSLReachability.m */,
				410B4D5217A7BD5900E1E0E2 /* TSLRedisController.h */,
				410B4D5317A7BD5900E1E0E2 /* TSLRedisController.m */,
				410B4D5017A7BD2E00E1E0E2 /* TSDataStoreProvider.h */,
				410B4D5117A7BD2E00E1E0E2 /* TSMessagingProvider.h */,
				410B4D4D17A7BC6100E1E0E2 /* TSLEventDispatcher.h */,
				410B4D4E17A7BC6100E1E0E2 /* TSLEventDispatcher.m */,
				410B4D4417A7B51600E1E0E2 /* TSLPlasterImage.h */,
				410B4D4517A7B51600E1E0E2 /* TSLPlasterImage.m */,
				410B4D4617A7B51600E1E0E2 /* TSLPlasterPeer.h */,
				410B4D4717A7B51600E1E0E2 /* TSLPlasterPeer.m */,
				410B4D4817A7B51600E1E0E2 /* TSLPlasterString.h */,
				410B4D4917A7B51600E1E0E2 /* TSLPlasterString.m */,
				410B4D4117A7AEE700E1E0E2 /* TSLPacketSerializer.h */,
				410B4D4217A7AEE700E1E0E2 /* TSLPacketSerializer.m */,
				417FF5A6179EA1240070CE9B /* TSLClientIdentifier.h */,
				417FF5A7179EA1240070CE9B /* TSLClientIdentifier.m */,
				417FF59E179E81BF0070CE9B /* TSLPlasterGlobals.h */,
				417FF59F179E81CB0070CE9B /* TSLPlasterGlobals.m */,
				41F985E417673B360031609C /* TSLPlasterAppDelegate.h */,
				41F985E517673B360031609C /* TSLPlasterAppDelegate.m */,
				41F985ED17673B360031609C /* TSViewController.h */,
				41F985EE17673B360031609C /* TSViewController.m */,
				41F985F017673B360031609C /* TSViewController_iPhone.xib */,
				41F985F317673B360031609C /* TSViewController_iPad.xib */,
				41F985DC17673B360031609C /* Supporting Files */,
				417FF592179E69BB0070CE9B /* TSLProfilesViewController.h */,
				417FF593179E69BB0070CE9B /* TSLProfilesViewController.m */,
				417FF594179E69BB0070CE9B /* TSLProfilesViewController.xib */,
				417FF598179E7EC00070CE9B /* TSLPlasterProfilesController.h */,
				417FF599179E7EC00070CE9B /* TSLPlasterProfilesController.m */,
				417FF5A1179E91170070CE9B /* TSLNewSessionViewController.h */,
				417FF5A2179E91170070CE9B /* TSLNewSessionViewController.m */,
				417FF5A3179E91180070CE9B /* TSLNewSessionViewController.xib */,
				41076B5A179FFC4E00F28F40 /* TSLModalAlertDelegate.h */,
				41076B5B179FFC4E00F28F40 /* TSLModalAlertDelegate.m */,
				410B4D6A17A7F37500E1E0E2 /* TSLPreferencesViewController.h */,
				410B4D6B17A7F37500E1E0E2 /* TSLPreferencesViewController.m */,
				410B4D6C17A7F37600E1E0E2 /* TSLPreferencesViewController.xib */,
				410B4D7117AA5B6000E1E0E2 /* TSLJoinSessionViewController.h */,
				410B4D7217AA5B6000E1E0E2 /* TSLJoinSessionViewController.m */,
				410B4D7317AA5B6200E1E0E2 /* TSLJoinSessionViewController.xib */,
				410D127A17AF98510073EF7B /* TSLProfileViewCell.h */,
				410D127B17AF98510073EF7B /* TSLProfileViewCell.m */,
				410D127F17AFBC130073EF7B /* TSLPlasterProfile.h */,
				410D128017AFBC140073EF7B /* TSLPlasterProfile.m */,
			);
			path = "Plaster-iOS";
			sourceTree = "<group>";
		};
		41F985DC17673B360031609C /* Supporting Files */ = {
			isa = PBXGroup;
			children = (
				41F985DD17673B360031609C /* Plaster-iOS-Info.plist */,
				41F985DE17673B360031609C /* InfoPlist.strings */,
				41F985E117673B360031609C /* main.m */,
				41F985E317673B360031609C /* Plaster-iOS-Prefix.pch */,
				41F985E717673B360031609C /* Default.png */,
				41F985E917673B360031609C /* Default@2x.png */,
				41F985EB17673B360031609C /* Default-568h@2x.png */,
			);
			name = "Supporting Files";
			sourceTree = "<group>";
		};
		41F9860217673B360031609C /* Plaster-iOSTests */ = {
			isa = PBXGroup;
			children = (
				41F9860817673B360031609C /* Plaster_iOSTests.h */,
				41F9860917673B360031609C /* Plaster_iOSTests.m */,
				41F9860317673B360031609C /* Supporting Files */,
			);
			path = "Plaster-iOSTests";
			sourceTree = "<group>";
		};
		41F9860317673B360031609C /* Supporting Files */ = {
			isa = PBXGroup;
			children = (
				41F9860417673B360031609C /* Plaster-iOSTests-Info.plist */,
				41F9860517673B360031609C /* InfoPlist.strings */,
			);
			name = "Supporting Files";
			sourceTree = "<group>";
		};
/* End PBXGroup section */

/* Begin PBXNativeTarget section */
		41F985D117673B360031609C /* Plaster-iOS */ = {
			isa = PBXNativeTarget;
			buildConfigurationList = 41F9860D17673B360031609C /* Build configuration list for PBXNativeTarget "Plaster-iOS" */;
			buildPhases = (
				41F985CE17673B360031609C /* Sources */,
				41F985CF17673B360031609C /* Frameworks */,
				41F985D017673B360031609C /* Resources */,
			);
			buildRules = (
			);
			dependencies = (
				410B4D3D17A7ADF100E1E0E2 /* PBXTargetDependency */,
			);
			name = "Plaster-iOS";
			productName = "Plaster-iOS";
			productReference = 41F985D217673B360031609C /* Plaster-iOS.app */;
			productType = "com.apple.product-type.application";
		};
		41F985FA17673B360031609C /* Plaster-iOSTests */ = {
			isa = PBXNativeTarget;
			buildConfigurationList = 41F9861017673B360031609C /* Build configuration list for PBXNativeTarget "Plaster-iOSTests" */;
			buildPhases = (
				41F985F617673B360031609C /* Sources */,
				41F985F717673B360031609C /* Frameworks */,
				41F985F817673B360031609C /* Resources */,
				41F985F917673B360031609C /* ShellScript */,
			);
			buildRules = (
			);
			dependencies = (
				41F9860117673B360031609C /* PBXTargetDependency */,
			);
			name = "Plaster-iOSTests";
			productName = "Plaster-iOSTests";
			productReference = 41F985FB17673B360031609C /* Plaster-iOSTests.octest */;
			productType = "com.apple.product-type.bundle";
		};
/* End PBXNativeTarget section */

/* Begin PBXProject section */
		41F985CA17673B360031609C /* Project object */ = {
			isa = PBXProject;
			attributes = {
				CLASSPREFIX = TS;
				LastUpgradeCheck = 0460;
				ORGANIZATIONNAME = "Trilobyte Systems ApS";
			};
			buildConfigurationList = 41F985CD17673B360031609C /* Build configuration list for PBXProject "Plaster-iOS" */;
			compatibilityVersion = "Xcode 3.2";
			developmentRegion = English;
			hasScannedForEncodings = 0;
			knownRegions = (
				en,
			);
			mainGroup = 41F985C917673B360031609C;
			productRefGroup = 41F985D317673B360031609C /* Products */;
			projectDirPath = "";
			projectReferences = (
				{
					ProductGroup = 4176EB6B17968B44005CF2E3 /* Products */;
					ProjectRef = 4176EB6A17968B44005CF2E3 /* TSBase64.xcodeproj */;
				},
				{
					ProductGroup = 41E713BA179D3AE800F766CB /* Products */;
					ProjectRef = 41E713B9179D3AE800F766CB /* TSLHiredisiOS.xcodeproj */;
				},
			);
			projectRoot = "";
			targets = (
				41F985D117673B360031609C /* Plaster-iOS */,
				41F985FA17673B360031609C /* Plaster-iOSTests */,
			);
		};
/* End PBXProject section */

/* Begin PBXReferenceProxy section */
		4176EB6F17968B44005CF2E3 /* libTSBase64.a */ = {
			isa = PBXReferenceProxy;
			fileType = archive.ar;
			path = libTSBase64.a;
			remoteRef = 4176EB6E17968B44005CF2E3 /* PBXContainerItemProxy */;
			sourceTree = BUILT_PRODUCTS_DIR;
		};
		41B82DC2179A9FBB00CF6EE3 /* libTSLBase64-iOS.a */ = {
			isa = PBXReferenceProxy;
			fileType = archive.ar;
			path = "libTSLBase64-iOS.a";
			remoteRef = 41B82DC1179A9FBB00CF6EE3 /* PBXContainerItemProxy */;
			sourceTree = BUILT_PRODUCTS_DIR;
		};
		41E713C0179D3AE800F766CB /* libTSLHiredisiOS.a */ = {
			isa = PBXReferenceProxy;
			fileType = archive.ar;
			path = libTSLHiredisiOS.a;
			remoteRef = 41E713BF179D3AE800F766CB /* PBXContainerItemProxy */;
			sourceTree = BUILT_PRODUCTS_DIR;
		};
/* End PBXReferenceProxy section */

/* Begin PBXResourcesBuildPhase section */
		41F985D017673B360031609C /* Resources */ = {
			isa = PBXResourcesBuildPhase;
			buildActionMask = 2147483647;
			files = (
				41F985E017673B360031609C /* InfoPlist.strings in Resources */,
				41F985E817673B360031609C /* Default.png in Resources */,
				41F985EA17673B360031609C /* Default@2x.png in Resources */,
				41F985EC17673B360031609C /* Default-568h@2x.png in Resources */,
				41F985F217673B360031609C /* TSViewController_iPhone.xib in Resources */,
				41F985F517673B360031609C /* TSViewController_iPad.xib in Resources */,
				417FF596179E69BB0070CE9B /* TSLProfilesViewController.xib in Resources */,
				417FF5A5179E91180070CE9B /* TSLNewSessionViewController.xib in Resources */,
				410B4D6817A7F26F00E1E0E2 /* 19-gear.png in Resources */,
				410B4D6F17A7F37600E1E0E2 /* TSLPreferencesViewController.xib in Resources */,
				410B4D7617AA5B6400E1E0E2 /* TSLJoinSessionViewController.xib in Resources */,
			);
			runOnlyForDeploymentPostprocessing = 0;
		};
		41F985F817673B360031609C /* Resources */ = {
			isa = PBXResourcesBuildPhase;
			buildActionMask = 2147483647;
			files = (
				41F9860717673B360031609C /* InfoPlist.strings in Resources */,
				410B4D6917A7F26F00E1E0E2 /* 19-gear.png in Resources */,
				410B4D7017A7F37600E1E0E2 /* TSLPreferencesViewController.xib in Resources */,
				410B4D7717AA5B6400E1E0E2 /* TSLJoinSessionViewController.xib in Resources */,
			);
			runOnlyForDeploymentPostprocessing = 0;
		};
/* End PBXResourcesBuildPhase section */

/* Begin PBXShellScriptBuildPhase section */
		41F985F917673B360031609C /* ShellScript */ = {
			isa = PBXShellScriptBuildPhase;
			buildActionMask = 2147483647;
			files = (
			);
			inputPaths = (
			);
			outputPaths = (
			);
			runOnlyForDeploymentPostprocessing = 0;
			shellPath = /bin/sh;
			shellScript = "# Run the unit tests in this test bundle.\n\"${SYSTEM_DEVELOPER_DIR}/Tools/RunUnitTests\"\n";
		};
/* End PBXShellScriptBuildPhase section */

/* Begin PBXSourcesBuildPhase section */
		41F985CE17673B360031609C /* Sources */ = {
			isa = PBXSourcesBuildPhase;
			buildActionMask = 2147483647;
			files = (
				41F985E217673B360031609C /* main.m in Sources */,
				41F985E617673B360031609C /* TSLPlasterAppDelegate.m in Sources */,
				41F985EF17673B360031609C /* TSViewController.m in Sources */,
				417FF595179E69BB0070CE9B /* TSLProfilesViewController.m in Sources */,
				417FF59A179E7EC10070CE9B /* TSLPlasterProfilesController.m in Sources */,
				417FF5A0179E81CB0070CE9B /* TSLPlasterGlobals.m in Sources */,
				417FF5A4179E91180070CE9B /* TSLNewSessionViewController.m in Sources */,
				417FF5A8179EA1240070CE9B /* TSLClientIdentifier.m in Sources */,
				41076B5C179FFC4E00F28F40 /* TSLModalAlertDelegate.m in Sources */,
				410B4D4317A7AEE700E1E0E2 /* TSLPacketSerializer.m in Sources */,
				410B4D4A17A7B51600E1E0E2 /* TSLPlasterImage.m in Sources */,
				410B4D4B17A7B51600E1E0E2 /* TSLPlasterPeer.m in Sources */,
				410B4D4C17A7B51600E1E0E2 /* TSLPlasterString.m in Sources */,
				410B4D4F17A7BC6100E1E0E2 /* TSLEventDispatcher.m in Sources */,
				410B4D5417A7BD5900E1E0E2 /* TSLRedisController.m in Sources */,
				410B4D5717A7CF6900E1E0E2 /* TSLReachability.m in Sources */,
				410B4D5D17A7D4AD00E1E0E2 /* TSLPlasterController.m in Sources */,
				410B4D6D17A7F37600E1E0E2 /* TSLPreferencesViewController.m in Sources */,
				410B4D7417AA5B6400E1E0E2 /* TSLJoinSessionViewController.m in Sources */,
				410D127C17AF98510073EF7B /* TSLProfileViewCell.m in Sources */,
				410D128117AFBC140073EF7B /* TSLPlasterProfile.m in Sources */,
				4105491117BBA2DF00A6727D /* TSLActivityAlert.m in Sources */,
			);
			runOnlyForDeploymentPostprocessing = 0;
		};
		41F985F617673B360031609C /* Sources */ = {
			isa = PBXSourcesBuildPhase;
			buildActionMask = 2147483647;
			files = (
				41F9860A17673B360031609C /* Plaster_iOSTests.m in Sources */,
				410B4D5817A7CF6900E1E0E2 /* TSLReachability.m in Sources */,
				410B4D5E17A7D4AD00E1E0E2 /* TSLPlasterController.m in Sources */,
				410B4D6E17A7F37600E1E0E2 /* TSLPreferencesViewController.m in Sources */,
				410B4D7517AA5B6400E1E0E2 /* TSLJoinSessionViewController.m in Sources */,
			);
			runOnlyForDeploymentPostprocessing = 0;
		};
/* End PBXSourcesBuildPhase section */

/* Begin PBXTargetDependency section */
		410B4D3D17A7ADF100E1E0E2 /* PBXTargetDependency */ = {
			isa = PBXTargetDependency;
			name = "TSLBase64-iOS";
			targetProxy = 410B4D3C17A7ADF100E1E0E2 /* PBXContainerItemProxy */;
		};
		41F9860117673B360031609C /* PBXTargetDependency */ = {
			isa = PBXTargetDependency;
			target = 41F985D117673B360031609C /* Plaster-iOS */;
			targetProxy = 41F9860017673B360031609C /* PBXContainerItemProxy */;
		};
/* End PBXTargetDependency section */

/* Begin PBXVariantGroup section */
		41F985DE17673B360031609C /* InfoPlist.strings */ = {
			isa = PBXVariantGroup;
			children = (
				41F985DF17673B360031609C /* en */,
			);
			name = InfoPlist.strings;
			sourceTree = "<group>";
		};
		41F985F017673B360031609C /* TSViewController_iPhone.xib */ = {
			isa = PBXVariantGroup;
			children = (
				41F985F117673B360031609C /* en */,
			);
			name = TSViewController_iPhone.xib;
			sourceTree = "<group>";
		};
		41F985F317673B360031609C /* TSViewController_iPad.xib */ = {
			isa = PBXVariantGroup;
			children = (
				41F985F417673B360031609C /* en */,
			);
			name = TSViewController_iPad.xib;
			sourceTree = "<group>";
		};
		41F9860517673B360031609C /* InfoPlist.strings */ = {
			isa = PBXVariantGroup;
			children = (
				41F9860617673B360031609C /* en */,
			);
			name = InfoPlist.strings;
			sourceTree = "<group>";
		};
/* End PBXVariantGroup section */

/* Begin XCBuildConfiguration section */
		41F9860B17673B360031609C /* Debug */ = {
			isa = XCBuildConfiguration;
			buildSettings = {
				ALWAYS_SEARCH_USER_PATHS = NO;
				CLANG_CXX_LANGUAGE_STANDARD = "gnu++0x";
				CLANG_CXX_LIBRARY = "libc++";
				CLANG_WARN_CONSTANT_CONVERSION = YES;
				CLANG_WARN_EMPTY_BODY = YES;
				CLANG_WARN_ENUM_CONVERSION = YES;
				CLANG_WARN_INT_CONVERSION = YES;
				CLANG_WARN__DUPLICATE_METHOD_MATCH = YES;
				"CODE_SIGN_IDENTITY[sdk=iphoneos*]" = "iPhone Developer";
				COPY_PHASE_STRIP = NO;
				GCC_C_LANGUAGE_STANDARD = gnu99;
				GCC_DYNAMIC_NO_PIC = NO;
				GCC_OPTIMIZATION_LEVEL = 0;
				GCC_PREPROCESSOR_DEFINITIONS = (
					"DEBUG=1",
					"$(inherited)",
				);
				GCC_SYMBOLS_PRIVATE_EXTERN = NO;
				GCC_WARN_ABOUT_RETURN_TYPE = YES;
				GCC_WARN_UNINITIALIZED_AUTOS = YES;
				GCC_WARN_UNUSED_VARIABLE = YES;
				IPHONEOS_DEPLOYMENT_TARGET = 6.1;
				ONLY_ACTIVE_ARCH = YES;
				SDKROOT = iphoneos;
				TARGETED_DEVICE_FAMILY = "1,2";
			};
			name = Debug;
		};
		41F9860C17673B360031609C /* Release */ = {
			isa = XCBuildConfiguration;
			buildSettings = {
				ALWAYS_SEARCH_USER_PATHS = NO;
				CLANG_CXX_LANGUAGE_STANDARD = "gnu++0x";
				CLANG_CXX_LIBRARY = "libc++";
				CLANG_WARN_CONSTANT_CONVERSION = YES;
				CLANG_WARN_EMPTY_BODY = YES;
				CLANG_WARN_ENUM_CONVERSION = YES;
				CLANG_WARN_INT_CONVERSION = YES;
				CLANG_WARN__DUPLICATE_METHOD_MATCH = YES;
				"CODE_SIGN_IDENTITY[sdk=iphoneos*]" = "iPhone Developer";
				COPY_PHASE_STRIP = YES;
				GCC_C_LANGUAGE_STANDARD = gnu99;
				GCC_WARN_ABOUT_RETURN_TYPE = YES;
				GCC_WARN_UNINITIALIZED_AUTOS = YES;
				GCC_WARN_UNUSED_VARIABLE = YES;
				IPHONEOS_DEPLOYMENT_TARGET = 6.1;
				OTHER_CFLAGS = "-DNS_BLOCK_ASSERTIONS=1";
				SDKROOT = iphoneos;
				TARGETED_DEVICE_FAMILY = "1,2";
				VALIDATE_PRODUCT = YES;
			};
			name = Release;
		};
		41F9860E17673B360031609C /* Debug */ = {
			isa = XCBuildConfiguration;
			buildSettings = {
				GCC_PRECOMPILE_PREFIX_HEADER = YES;
				GCC_PREFIX_HEADER = "Plaster-iOS/Plaster-iOS-Prefix.pch";
				HEADER_SEARCH_PATHS = (
					"\"$(OBJROOT)/UninstalledProducts/include\"",
					"\"$(TARGET_BUILD_DIR)/include\"",
				);
				INFOPLIST_FILE = "Plaster-iOS/Plaster-iOS-Info.plist";
				LIBRARY_SEARCH_PATHS = (
					"$(inherited)",
					"\"$(SRCROOT)\"",
				);
				OTHER_LDFLAGS = (
					"-all_load",
					"-ObjC",
				);
				PRODUCT_NAME = "$(TARGET_NAME)";
				WRAPPER_EXTENSION = app;
			};
			name = Debug;
		};
		41F9860F17673B360031609C /* Release */ = {
			isa = XCBuildConfiguration;
			buildSettings = {
				GCC_PRECOMPILE_PREFIX_HEADER = YES;
				GCC_PREFIX_HEADER = "Plaster-iOS/Plaster-iOS-Prefix.pch";
				HEADER_SEARCH_PATHS = (
					"\"$(OBJROOT)/UninstalledProducts/include\"",
					"\"$(TARGET_BUILD_DIR)/include\"",
				);
				INFOPLIST_FILE = "Plaster-iOS/Plaster-iOS-Info.plist";
				LIBRARY_SEARCH_PATHS = (
					"$(inherited)",
					"\"$(SRCROOT)\"",
				);
				OTHER_LDFLAGS = (
					"-all_load",
					"-ObjC",
				);
				PRODUCT_NAME = "$(TARGET_NAME)";
				WRAPPER_EXTENSION = app;
			};
			name = Release;
		};
		41F9861117673B360031609C /* Debug */ = {
			isa = XCBuildConfiguration;
			buildSettings = {
				BUNDLE_LOADER = "$(BUILT_PRODUCTS_DIR)/Plaster-iOS.app/Plaster-iOS";
				FRAMEWORK_SEARCH_PATHS = (
					"\"$(SDKROOT)/Developer/Library/Frameworks\"",
					"\"$(DEVELOPER_LIBRARY_DIR)/Frameworks\"",
				);
				GCC_PRECOMPILE_PREFIX_HEADER = YES;
				GCC_PREFIX_HEADER = "Plaster-iOS/Plaster-iOS-Prefix.pch";
				INFOPLIST_FILE = "Plaster-iOSTests/Plaster-iOSTests-Info.plist";
				PRODUCT_NAME = "$(TARGET_NAME)";
				TEST_HOST = "$(BUNDLE_LOADER)";
				WRAPPER_EXTENSION = octest;
			};
			name = Debug;
		};
		41F9861217673B360031609C /* Release */ = {
			isa = XCBuildConfiguration;
			buildSettings = {
				BUNDLE_LOADER = "$(BUILT_PRODUCTS_DIR)/Plaster-iOS.app/Plaster-iOS";
				FRAMEWORK_SEARCH_PATHS = (
					"\"$(SDKROOT)/Developer/Library/Frameworks\"",
					"\"$(DEVELOPER_LIBRARY_DIR)/Frameworks\"",
				);
				GCC_PRECOMPILE_PREFIX_HEADER = YES;
				GCC_PREFIX_HEADER = "Plaster-iOS/Plaster-iOS-Prefix.pch";
				INFOPLIST_FILE = "Plaster-iOSTests/Plaster-iOSTests-Info.plist";
				PRODUCT_NAME = "$(TARGET_NAME)";
				TEST_HOST = "$(BUNDLE_LOADER)";
				WRAPPER_EXTENSION = octest;
			};
			name = Release;
		};
/* End XCBuildConfiguration section */

/* Begin XCConfigurationList section */
		41F985CD17673B360031609C /* Build configuration list for PBXProject "Plaster-iOS" */ = {
			isa = XCConfigurationList;
			buildConfigurations = (
				41F9860B17673B360031609C /* Debug */,
				41F9860C17673B360031609C /* Release */,
			);
			defaultConfigurationIsVisible = 0;
			defaultConfigurationName = Release;
		};
		41F9860D17673B360031609C /* Build configuration list for PBXNativeTarget "Plaster-iOS" */ = {
			isa = XCConfigurationList;
			buildConfigurations = (
				41F9860E17673B360031609C /* Debug */,
				41F9860F17673B360031609C /* Release */,
			);
			defaultConfigurationIsVisible = 0;
			defaultConfigurationName = Release;
		};
		41F9861017673B360031609C /* Build configuration list for PBXNativeTarget "Plaster-iOSTests" */ = {
			isa = XCConfigurationList;
			buildConfigurations = (
				41F9861117673B360031609C /* Debug */,
				41F9861217673B360031609C /* Release */,
			);
			defaultConfigurationIsVisible = 0;
			defaultConfigurationName = Release;
		};
/* End XCConfigurationList section */
	};
	rootObject = 41F985CA17673B360031609C /* Project object */;
}
